
Microsoft Visual Studio Solution File, Format Version 12.00
# Visual Studio Version 17
VisualStudioVersion = 17.0.31903.59
MinimumVisualStudioVersion = 10.0.40219.1
Project("{2150E333-8FDC-42A3-9474-1A3956D46DE8}") = "AspNet", "AspNet", "{82C2A303-9E2A-4EE6-ACC4-D213B65DFA18}"
EndProject
Project("{FAE04EC0-301F-11D3-BF4B-00C04F79EFBC}") = "AspNetAppSettings", "AspNet\AspNetAppSettings\AspNetAppSettings.csproj", "{FCCF0EC2-C528-4EC3-98F1-08DA416F229B}"
EndProject
Project("{FAE04EC0-301F-11D3-BF4B-00C04F79EFBC}") = "AspNetDependencyInjection", "AspNet\AspNetDependencyInjection\AspNetDependencyInjection.csproj", "{05A4D3DA-24AA-4B86-B5A9-60AD106FA6FC}"
EndProject
Project("{FAE04EC0-301F-11D3-BF4B-00C04F79EFBC}") = "ConsolePlayground", "ConsolePlayground\ConsolePlayground.csproj", "{B59D97C1-55D2-49CE-B6E1-0AF2DEEC2E39}"
EndProject
Project("{2150E333-8FDC-42A3-9474-1A3956D46DE8}") = "CSharpLanguage", "CSharpLanguage", "{E4825D9F-6FD0-473E-82D6-06859B199175}"
EndProject
Project("{FAE04EC0-301F-11D3-BF4B-00C04F79EFBC}") = "AutoProperties", "CSharpLanguage\AutoProperties\AutoProperties.csproj", "{DA44B03B-724F-4A39-A485-01DEF432BF94}"
EndProject
Project("{FAE04EC0-301F-11D3-BF4B-00C04F79EFBC}") = "Casting", "CSharpLanguage\Casting\Casting.csproj", "{B72A3965-7165-4CDE-B9E2-C7CA3BFBDE95}"
EndProject
Project("{FAE04EC0-301F-11D3-BF4B-00C04F79EFBC}") = "Delegates", "CSharpLanguage\Delegates\Delegates.csproj", "{981DD4F9-EFEA-47E1-84A4-969F8032C633}"
EndProject
Project("{FAE04EC0-301F-11D3-BF4B-00C04F79EFBC}") = "Files", "CSharpLanguage\Files\Files.csproj", "{977132EE-AC89-4FB1-9F06-C83D38FE18A7}"
EndProject
Project("{FAE04EC0-301F-11D3-BF4B-00C04F79EFBC}") = "Indexers", "CSharpLanguage\Indexers\Indexers.csproj", "{8C8B10BA-DCCE-47B4-8FAB-E8677866445E}"
EndProject
Project("{FAE04EC0-301F-11D3-BF4B-00C04F79EFBC}") = "ObjectType", "CSharpLanguage\ObjectType\ObjectType.csproj", "{BB09D7C7-98BC-436E-8332-49FC561E76CF}"
EndProject
Project("{FAE04EC0-301F-11D3-BF4B-00C04F79EFBC}") = "SqlDataAccess", "CSharpLanguage\SqlDataAccess\SqlDataAccess.csproj", "{4F5B15A2-59CE-4B49-92BD-3FF540A55CCD}"
EndProject
Project("{2150E333-8FDC-42A3-9474-1A3956D46DE8}") = "DesignPatterns", "DesignPatterns", "{6ED33CC8-7A4D-4B4A-9550-DEDFD207378C}"
EndProject
Project("{2150E333-8FDC-42A3-9474-1A3956D46DE8}") = "Builder", "Builder", "{765D6743-3E9D-4BE5-BA92-BDB6019C0C22}"
EndProject
Project("{FAE04EC0-301F-11D3-BF4B-00C04F79EFBC}") = "FacetedBuilder", "DesignPatterns\Builder\FacetedBuilder\FacetedBuilder.csproj", "{596AD206-74B4-4B25-B0AD-AFC7254DB52A}"
EndProject
Project("{FAE04EC0-301F-11D3-BF4B-00C04F79EFBC}") = "FluentBuilder", "DesignPatterns\Builder\FluentBuilder\FluentBuilder.csproj", "{9409C07D-C77E-4C14-9C6C-C3995E8EC86E}"
EndProject
Project("{FAE04EC0-301F-11D3-BF4B-00C04F79EFBC}") = "FunctionalBuilder", "DesignPatterns\Builder\FunctionalBuilder\FunctionalBuilder.csproj", "{7E346B47-B22E-47AB-AB35-B31072179680}"
EndProject
Project("{FAE04EC0-301F-11D3-BF4B-00C04F79EFBC}") = "RecursiveGenericsBuilder", "DesignPatterns\Builder\RecursiveGenericsBuilder\RecursiveGenericsBuilder.csproj", "{E799E382-D0B2-47B3-8599-1E9162B3E99B}"
EndProject
Project("{FAE04EC0-301F-11D3-BF4B-00C04F79EFBC}") = "StepwiseBuilder", "DesignPatterns\Builder\StepwiseBuilder\StepwiseBuilder.csproj", "{450D2214-E46D-4DF7-88BD-620EDB0F091D}"
EndProject
Project("{2150E333-8FDC-42A3-9474-1A3956D46DE8}") = "Pocs", "Pocs", "{F9D1D8FD-5926-4499-9404-14025A5AB733}"
EndProject
Project("{FAE04EC0-301F-11D3-BF4B-00C04F79EFBC}") = "OpenClosedPrinciple", "Pocs\OpenClosedPrinciple\OpenClosedPrinciple.csproj", "{AE0C3940-A579-4F9E-92DA-19F9C2E8D7CF}"
EndProject
Project("{2150E333-8FDC-42A3-9474-1A3956D46DE8}") = "Factory", "Factory", "{23645139-2B2E-4CB1-AE85-8A511BE5D91D}"
EndProject
Project("{FAE04EC0-301F-11D3-BF4B-00C04F79EFBC}") = "ObjectTrackingWithFactory", "DesignPatterns\Factory\ObjectTrackingWithFactory\ObjectTrackingWithFactory.csproj", "{AD4AFF14-EEA0-488C-B994-7C88F9435C36}"
EndProject
Project("{FAE04EC0-301F-11D3-BF4B-00C04F79EFBC}") = "BulkReplacementWithFactory", "DesignPatterns\Factory\BulkReplacementWithFactory\BulkReplacementWithFactory.csproj", "{AE51F418-4470-4349-A654-C2B9FC399F9E}"
EndProject
Project("{FAE04EC0-301F-11D3-BF4B-00C04F79EFBC}") = "AbstractFactory", "DesignPatterns\Factory\AbstractFactory\AbstractFactory.csproj", "{A17002E6-0905-4091-82E9-1AD1F833B97E}"
EndProject
Project("{FAE04EC0-301F-11D3-BF4B-00C04F79EFBC}") = "FactoryMethod", "DesignPatterns\Factory\FactoryMethod\FactoryMethod.csproj", "{FC8629C1-FDBF-47CD-BC8A-76175F009EC0}"
EndProject
Project("{2150E333-8FDC-42A3-9474-1A3956D46DE8}") = "Prototype", "Prototype", "{90CF5BC3-BE2C-44A4-9BEF-9A875A8BAE45}"
EndProject
Project("{FAE04EC0-301F-11D3-BF4B-00C04F79EFBC}") = "ExplicityPrototypeInterface", "DesignPatterns\Prototype\ExplicityPrototypeInterface\ExplicityPrototypeInterface.csproj", "{62514F1D-0963-4EE7-BA07-CC2A992EB8FC}"
EndProject
Project("{FAE04EC0-301F-11D3-BF4B-00C04F79EFBC}") = "CopyThroughSerialization", "DesignPatterns\Prototype\CopyThroughSerialization\CopyThroughSerialization.csproj", "{C5013DDB-9EE0-434F-905E-EE4C71B487FF}"
EndProject
Project("{2150E333-8FDC-42A3-9474-1A3956D46DE8}") = "Singleton", "Singleton", "{082B5349-37EF-470C-B0D7-10B524FBEFE5}"
EndProject
Project("{FAE04EC0-301F-11D3-BF4B-00C04F79EFBC}") = "SingletonImplementation", "DesignPatterns\Singleton\SingletonImplementation\SingletonImplementation.csproj", "{6C582555-2F00-4EDD-83C4-CAC623096C3A}"
EndProject
Project("{FAE04EC0-301F-11D3-BF4B-00C04F79EFBC}") = "MonostateApproach", "DesignPatterns\Singleton\MonostateApproach\MonostateApproach.csproj", "{193D0736-FC1D-43EF-9A30-FAC051BEA52B}"
EndProject
Project("{FAE04EC0-301F-11D3-BF4B-00C04F79EFBC}") = "PerThreadSingleton", "DesignPatterns\Singleton\PerThreadSingleton\PerThreadSingleton.csproj", "{3308CA57-DE1F-40C6-BA90-E1FCF00BEF41}"
EndProject
Project("{2150E333-8FDC-42A3-9474-1A3956D46DE8}") = "Adapter", "Adapter", "{5F2B2095-D1F7-47F3-BA76-EB559A2D19D4}"
EndProject
Project("{FAE04EC0-301F-11D3-BF4B-00C04F79EFBC}") = "RandomAdapterExample", "DesignPatterns\Adapter\RandomAdapterExample\RandomAdapterExample.csproj", "{261BEC75-C94F-4873-8F41-EBCA0D04A592}"
EndProject
Project("{FAE04EC0-301F-11D3-BF4B-00C04F79EFBC}") = "GenericValueAdapter", "DesignPatterns\Adapter\GenericValueAdapter\GenericValueAdapter.csproj", "{348F1760-AA32-4A29-AFE3-0069CA38166D}"
EndProject
Project("{FAE04EC0-301F-11D3-BF4B-00C04F79EFBC}") = "AdapterImplementation", "DesignPatterns\Adapter\AdapterImplementation\AdapterImplementation.csproj", "{D74BEE1E-6FF1-4FEE-BAE9-AAB45DF71736}"
EndProject
Project("{2150E333-8FDC-42A3-9474-1A3956D46DE8}") = "Composite", "Composite", "{1A1D11F0-0A07-49FC-8D66-423762B55D23}"
EndProject
Project("{FAE04EC0-301F-11D3-BF4B-00C04F79EFBC}") = "CompositeImplementation", "DesignPatterns\Composite\CompositeImplementation\CompositeImplementation.csproj", "{B44E1843-8B40-4461-A5E1-6D8786B36576}"
EndProject
Project("{FAE04EC0-301F-11D3-BF4B-00C04F79EFBC}") = "NeuronsWithComposite", "DesignPatterns\Composite\NeuronsWithComposite\NeuronsWithComposite.csproj", "{2480F0C7-1828-4D34-8DDA-16C8B78551D9}"
EndProject
Project("{2150E333-8FDC-42A3-9474-1A3956D46DE8}") = "Decorator", "Decorator", "{C9809F9A-6A0A-4724-A0F1-F54FE6705029}"
EndProject
Project("{FAE04EC0-301F-11D3-BF4B-00C04F79EFBC}") = "DecoratorCycles", "DesignPatterns\Decorator\DecoratorCycles\DecoratorCycles.csproj", "{D2FAB000-A9BB-49C4-A878-6A5C942B149D}"
EndProject
Project("{FAE04EC0-301F-11D3-BF4B-00C04F79EFBC}") = "DecoratorImplementation", "DesignPatterns\Decorator\DecoratorImplementation\DecoratorImplementation.csproj", "{3B1D3786-CBD4-49C0-8E5A-A622543790D2}"
EndProject
Project("{2150E333-8FDC-42A3-9474-1A3956D46DE8}") = "Bridge", "Bridge", "{220BF9B0-F2A1-4CC7-88E3-B482AC8A68A6}"
EndProject
Project("{FAE04EC0-301F-11D3-BF4B-00C04F79EFBC}") = "Bridge", "DesignPatterns\Bridge\Bridge.csproj", "{E348126C-50C2-4E3B-A3C5-52491850E9A0}"
EndProject
Project("{2150E333-8FDC-42A3-9474-1A3956D46DE8}") = "Facade", "Facade", "{8DB0B884-961F-4FFF-B42C-8D773707A482}"
EndProject
Project("{FAE04EC0-301F-11D3-BF4B-00C04F79EFBC}") = "Facade", "DesignPatterns\Facade\Facade.csproj", "{88B85C9F-BEFF-4C0B-9D8D-FFCFFA38F794}"
EndProject
Project("{2150E333-8FDC-42A3-9474-1A3956D46DE8}") = "Flyweight", "Flyweight", "{B95F4A82-D909-4060-89DA-D300E6F328D1}"
EndProject
Project("{FAE04EC0-301F-11D3-BF4B-00C04F79EFBC}") = "FlyweightWithStringBehavior", "DesignPatterns\Flyweight\FlyweightWithStringBehavior\FlyweightWithStringBehavior.csproj", "{0B5A94E0-79F9-4550-9C7B-B23594D0BDE9}"
EndProject
Project("{FAE04EC0-301F-11D3-BF4B-00C04F79EFBC}") = "FlyweightImplementation", "DesignPatterns\Flyweight\FlyweightImplementation\FlyweightImplementation.csproj", "{6C2DF331-3AE3-4BE9-B52E-FCCDF02407F1}"
EndProject
Project("{2150E333-8FDC-42A3-9474-1A3956D46DE8}") = "Proxy", "Proxy", "{4784D264-395E-4C81-B544-530F4957ABB1}"
EndProject
Project("{FAE04EC0-301F-11D3-BF4B-00C04F79EFBC}") = "ValueProxy", "DesignPatterns\Proxy\ValueProxy\ValueProxy.csproj", "{F4C78F77-0BFD-47F6-915E-31DF8A13FDC5}"
EndProject
Project("{FAE04EC0-301F-11D3-BF4B-00C04F79EFBC}") = "ImplicitOperators", "CSharpLanguage\ImplicitOperators\ImplicitOperators.csproj", "{FCB9D746-6E2E-469A-BABC-E99B1985FBB8}"
EndProject
Project("{FAE04EC0-301F-11D3-BF4B-00C04F79EFBC}") = "DynamicProxyForLogging", "DesignPatterns\Proxy\DynamicProxyForLogging\DynamicProxyForLogging.csproj", "{242CF55B-0BBF-4857-9F93-01F4DC93B516}"
EndProject
Project("{2150E333-8FDC-42A3-9474-1A3956D46DE8}") = "DotNet", "DotNet", "{79BBA1B5-E298-4C6E-A026-9B8F695AF98D}"
EndProject
Project("{FAE04EC0-301F-11D3-BF4B-00C04F79EFBC}") = "DynamicObject", "DotNet\DynamicObject\DynamicObject.csproj", "{97D56F03-40BD-418E-B355-15CBF49EEE8A}"
EndProject
Project("{2150E333-8FDC-42A3-9474-1A3956D46DE8}") = "ChainOfResponsibility", "ChainOfResponsibility", "{D8908FAE-827C-45E6-8359-4677998B54EE}"
EndProject
Project("{FAE04EC0-301F-11D3-BF4B-00C04F79EFBC}") = "MethodChain", "DesignPatterns\ChainOfResponsibility\MethodChain\MethodChain.csproj", "{125B62B3-EB17-470D-8F8D-DDDF4B383009}"
EndProject
Project("{FAE04EC0-301F-11D3-BF4B-00C04F79EFBC}") = "OverrideAndNew", "CSharpLanguage\OverrideAndNew\OverrideAndNew.csproj", "{4FE863EE-E173-474E-8C6D-6511350280A1}"
EndProject
Project("{FAE04EC0-301F-11D3-BF4B-00C04F79EFBC}") = "BrokerChain", "DesignPatterns\ChainOfResponsibility\BrokerChain\BrokerChain.csproj", "{83B3C197-6980-48C0-AE0E-6D21408E4978}"
EndProject
Project("{FAE04EC0-301F-11D3-BF4B-00C04F79EFBC}") = "Events", "CSharpLanguage\Events\Events.csproj", "{1582E79B-88CD-4A58-AEE8-78943998DAC7}"
EndProject
Project("{2150E333-8FDC-42A3-9474-1A3956D46DE8}") = "CleanArchitecture", "CleanArchitecture", "{2A9EB8C1-4B38-4374-801E-7DA716F4EF51}"
EndProject
Project("{2150E333-8FDC-42A3-9474-1A3956D46DE8}") = "Command", "Command", "{1B9B14A2-540F-40D0-A4F8-62A612A84ED5}"
EndProject
Project("{FAE04EC0-301F-11D3-BF4B-00C04F79EFBC}") = "Command", "DesignPatterns\Command\Command.csproj", "{5CBE63F0-AF7C-454F-B751-931553DB0B17}"
EndProject
Project("{2150E333-8FDC-42A3-9474-1A3956D46DE8}") = "Iterator", "Iterator", "{C0A102CD-B145-4B7A-A999-A6F34FC9FC32}"
EndProject
Project("{FAE04EC0-301F-11D3-BF4B-00C04F79EFBC}") = "Iterator", "DesignPatterns\Iterator\Iterator.csproj", "{588D2C11-BF8E-40A7-8F12-2F163FCF8E29}"
EndProject
Project("{FAE04EC0-301F-11D3-BF4B-00C04F79EFBC}") = "Enumerators", "CSharpLanguage\Enumerators\Enumerators.csproj", "{E3DEF4A4-4406-44FA-BF7C-4EBAD4F6D6E1}"
EndProject
Project("{2150E333-8FDC-42A3-9474-1A3956D46DE8}") = "Mediator", "Mediator", "{47E42B2A-3F58-407F-A10B-B65EDE15543C}"
EndProject
Project("{FAE04EC0-301F-11D3-BF4B-00C04F79EFBC}") = "ChatRoom", "DesignPatterns\Mediator\ChatRoom\ChatRoom.csproj", "{84A558EF-5A6C-4B83-8F05-F93CD2B143EE}"
EndProject
Project("{FAE04EC0-301F-11D3-BF4B-00C04F79EFBC}") = "LibMediatR", "DesignPatterns\Mediator\LibMediatR\LibMediatR.csproj", "{505A46D8-79EE-43F2-A284-E150C4BA6620}"
EndProject
Project("{2150E333-8FDC-42A3-9474-1A3956D46DE8}") = "Memento", "Memento", "{335B1AD7-0AAA-49E1-BEB7-E6E27A4B41E8}"
EndProject
Project("{FAE04EC0-301F-11D3-BF4B-00C04F79EFBC}") = "Memento", "DesignPatterns\Memento\Memento.csproj", "{CA356711-81CD-4B64-ADF4-83FA014A5EFB}"
EndProject
Project("{2150E333-8FDC-42A3-9474-1A3956D46DE8}") = "State", "State", "{2E40B789-D587-45BB-B498-068BA39AF8AB}"
EndProject
Project("{FAE04EC0-301F-11D3-BF4B-00C04F79EFBC}") = "ClassicImplementation", "DesignPatterns\State\ClassicImplementation\ClassicImplementation.csproj", "{E8CB4BAC-AB4B-47EA-AEDE-734F8745B175}"
EndProject
Project("{FAE04EC0-301F-11D3-BF4B-00C04F79EFBC}") = "HandmadeStateMachine", "DesignPatterns\State\HandmadeStateMachine\HandmadeStateMachine.csproj", "{1C77CCA7-C343-4307-A374-7A498CC5C82C}"
EndProject
Project("{FAE04EC0-301F-11D3-BF4B-00C04F79EFBC}") = "StateWithSwitchExpressions", "DesignPatterns\State\StateWithSwitchExpressions\StateWithSwitchExpressions.csproj", "{C495AEE8-43EB-49F6-839A-FDAAF203DDC9}"
EndProject
Project("{2150E333-8FDC-42A3-9474-1A3956D46DE8}") = "Observer", "Observer", "{7C3FDD7B-1E02-4A9B-9D16-619EC6E696C4}"
EndProject
Project("{FAE04EC0-301F-11D3-BF4B-00C04F79EFBC}") = "ObserverViaEventKeyword", "DesignPatterns\Observer\ObserverViaEventKeyword\ObserverViaEventKeyword.csproj", "{92E771BB-A5A9-4722-B365-DB3D4422F5CA}"
EndProject
Project("{FAE04EC0-301F-11D3-BF4B-00C04F79EFBC}") = "ObserverViaSpecialInterfaces", "DesignPatterns\Observer\ObserverViaSpecialInterfaces\ObserverViaSpecialInterfaces.csproj", "{49D64CE3-566D-45E3-80A4-82C0EE7384E9}"
EndProject
Project("{2150E333-8FDC-42A3-9474-1A3956D46DE8}") = "Strategy", "Strategy", "{68196EEE-0F27-4F1B-ABDA-FCF3246AAE12}"
EndProject
Project("{FAE04EC0-301F-11D3-BF4B-00C04F79EFBC}") = "Strategy", "DesignPatterns\Strategy\Strategy.csproj", "{DCC0170A-6C98-4A84-8991-53FEE00F3DD3}"
EndProject
Project("{2150E333-8FDC-42A3-9474-1A3956D46DE8}") = "TemplateMethod", "TemplateMethod", "{8D721B55-866E-4904-BC27-8B89F32345DD}"
EndProject
Project("{FAE04EC0-301F-11D3-BF4B-00C04F79EFBC}") = "TemplateMethod", "DesignPatterns\TemplateMethod\TemplateMethod.csproj", "{2EE154A8-D14F-4CC9-A7E8-7F1BF81F8C8B}"
EndProject
Project("{2150E333-8FDC-42A3-9474-1A3956D46DE8}") = "Visitor", "Visitor", "{6AF65609-1502-4097-AC78-17A4A7A26083}"
EndProject
Project("{FAE04EC0-301F-11D3-BF4B-00C04F79EFBC}") = "VisitorAndDoubleDispatch", "DesignPatterns\Visitor\VisitorAndDoubleDispatch\VisitorAndDoubleDispatch.csproj", "{C25059F0-4FBA-48A3-9DDE-1687EBAC7FB4}"
EndProject
Project("{FAE04EC0-301F-11D3-BF4B-00C04F79EFBC}") = "ReductionsAndTransforms", "DesignPatterns\Visitor\ReductionsAndTransforms\ReductionsAndTransforms.csproj", "{F2A1CB78-9506-42B7-B968-36BAF365B67A}"
EndProject
Global
	GlobalSection(SolutionConfigurationPlatforms) = preSolution
		Debug|Any CPU = Debug|Any CPU
		Release|Any CPU = Release|Any CPU
	EndGlobalSection
	GlobalSection(SolutionProperties) = preSolution
		HideSolutionNode = FALSE
	EndGlobalSection
	GlobalSection(ProjectConfigurationPlatforms) = postSolution
		{FCCF0EC2-C528-4EC3-98F1-08DA416F229B}.Debug|Any CPU.ActiveCfg = Debug|Any CPU
		{FCCF0EC2-C528-4EC3-98F1-08DA416F229B}.Debug|Any CPU.Build.0 = Debug|Any CPU
		{FCCF0EC2-C528-4EC3-98F1-08DA416F229B}.Release|Any CPU.ActiveCfg = Release|Any CPU
		{FCCF0EC2-C528-4EC3-98F1-08DA416F229B}.Release|Any CPU.Build.0 = Release|Any CPU
		{05A4D3DA-24AA-4B86-B5A9-60AD106FA6FC}.Debug|Any CPU.ActiveCfg = Debug|Any CPU
		{05A4D3DA-24AA-4B86-B5A9-60AD106FA6FC}.Debug|Any CPU.Build.0 = Debug|Any CPU
		{05A4D3DA-24AA-4B86-B5A9-60AD106FA6FC}.Release|Any CPU.ActiveCfg = Release|Any CPU
		{05A4D3DA-24AA-4B86-B5A9-60AD106FA6FC}.Release|Any CPU.Build.0 = Release|Any CPU
		{B59D97C1-55D2-49CE-B6E1-0AF2DEEC2E39}.Debug|Any CPU.ActiveCfg = Debug|Any CPU
		{B59D97C1-55D2-49CE-B6E1-0AF2DEEC2E39}.Debug|Any CPU.Build.0 = Debug|Any CPU
		{B59D97C1-55D2-49CE-B6E1-0AF2DEEC2E39}.Release|Any CPU.ActiveCfg = Release|Any CPU
		{B59D97C1-55D2-49CE-B6E1-0AF2DEEC2E39}.Release|Any CPU.Build.0 = Release|Any CPU
		{DA44B03B-724F-4A39-A485-01DEF432BF94}.Debug|Any CPU.ActiveCfg = Debug|Any CPU
		{DA44B03B-724F-4A39-A485-01DEF432BF94}.Debug|Any CPU.Build.0 = Debug|Any CPU
		{DA44B03B-724F-4A39-A485-01DEF432BF94}.Release|Any CPU.ActiveCfg = Release|Any CPU
		{DA44B03B-724F-4A39-A485-01DEF432BF94}.Release|Any CPU.Build.0 = Release|Any CPU
		{B72A3965-7165-4CDE-B9E2-C7CA3BFBDE95}.Debug|Any CPU.ActiveCfg = Debug|Any CPU
		{B72A3965-7165-4CDE-B9E2-C7CA3BFBDE95}.Debug|Any CPU.Build.0 = Debug|Any CPU
		{B72A3965-7165-4CDE-B9E2-C7CA3BFBDE95}.Release|Any CPU.ActiveCfg = Release|Any CPU
		{B72A3965-7165-4CDE-B9E2-C7CA3BFBDE95}.Release|Any CPU.Build.0 = Release|Any CPU
		{981DD4F9-EFEA-47E1-84A4-969F8032C633}.Debug|Any CPU.ActiveCfg = Debug|Any CPU
		{981DD4F9-EFEA-47E1-84A4-969F8032C633}.Debug|Any CPU.Build.0 = Debug|Any CPU
		{981DD4F9-EFEA-47E1-84A4-969F8032C633}.Release|Any CPU.ActiveCfg = Release|Any CPU
		{981DD4F9-EFEA-47E1-84A4-969F8032C633}.Release|Any CPU.Build.0 = Release|Any CPU
		{977132EE-AC89-4FB1-9F06-C83D38FE18A7}.Debug|Any CPU.ActiveCfg = Debug|Any CPU
		{977132EE-AC89-4FB1-9F06-C83D38FE18A7}.Debug|Any CPU.Build.0 = Debug|Any CPU
		{977132EE-AC89-4FB1-9F06-C83D38FE18A7}.Release|Any CPU.ActiveCfg = Release|Any CPU
		{977132EE-AC89-4FB1-9F06-C83D38FE18A7}.Release|Any CPU.Build.0 = Release|Any CPU
		{8C8B10BA-DCCE-47B4-8FAB-E8677866445E}.Debug|Any CPU.ActiveCfg = Debug|Any CPU
		{8C8B10BA-DCCE-47B4-8FAB-E8677866445E}.Debug|Any CPU.Build.0 = Debug|Any CPU
		{8C8B10BA-DCCE-47B4-8FAB-E8677866445E}.Release|Any CPU.ActiveCfg = Release|Any CPU
		{8C8B10BA-DCCE-47B4-8FAB-E8677866445E}.Release|Any CPU.Build.0 = Release|Any CPU
		{BB09D7C7-98BC-436E-8332-49FC561E76CF}.Debug|Any CPU.ActiveCfg = Debug|Any CPU
		{BB09D7C7-98BC-436E-8332-49FC561E76CF}.Debug|Any CPU.Build.0 = Debug|Any CPU
		{BB09D7C7-98BC-436E-8332-49FC561E76CF}.Release|Any CPU.ActiveCfg = Release|Any CPU
		{BB09D7C7-98BC-436E-8332-49FC561E76CF}.Release|Any CPU.Build.0 = Release|Any CPU
		{4F5B15A2-59CE-4B49-92BD-3FF540A55CCD}.Debug|Any CPU.ActiveCfg = Debug|Any CPU
		{4F5B15A2-59CE-4B49-92BD-3FF540A55CCD}.Debug|Any CPU.Build.0 = Debug|Any CPU
		{4F5B15A2-59CE-4B49-92BD-3FF540A55CCD}.Release|Any CPU.ActiveCfg = Release|Any CPU
		{4F5B15A2-59CE-4B49-92BD-3FF540A55CCD}.Release|Any CPU.Build.0 = Release|Any CPU
		{596AD206-74B4-4B25-B0AD-AFC7254DB52A}.Debug|Any CPU.ActiveCfg = Debug|Any CPU
		{596AD206-74B4-4B25-B0AD-AFC7254DB52A}.Debug|Any CPU.Build.0 = Debug|Any CPU
		{596AD206-74B4-4B25-B0AD-AFC7254DB52A}.Release|Any CPU.ActiveCfg = Release|Any CPU
		{596AD206-74B4-4B25-B0AD-AFC7254DB52A}.Release|Any CPU.Build.0 = Release|Any CPU
		{9409C07D-C77E-4C14-9C6C-C3995E8EC86E}.Debug|Any CPU.ActiveCfg = Debug|Any CPU
		{9409C07D-C77E-4C14-9C6C-C3995E8EC86E}.Debug|Any CPU.Build.0 = Debug|Any CPU
		{9409C07D-C77E-4C14-9C6C-C3995E8EC86E}.Release|Any CPU.ActiveCfg = Release|Any CPU
		{9409C07D-C77E-4C14-9C6C-C3995E8EC86E}.Release|Any CPU.Build.0 = Release|Any CPU
		{7E346B47-B22E-47AB-AB35-B31072179680}.Debug|Any CPU.ActiveCfg = Debug|Any CPU
		{7E346B47-B22E-47AB-AB35-B31072179680}.Debug|Any CPU.Build.0 = Debug|Any CPU
		{7E346B47-B22E-47AB-AB35-B31072179680}.Release|Any CPU.ActiveCfg = Release|Any CPU
		{7E346B47-B22E-47AB-AB35-B31072179680}.Release|Any CPU.Build.0 = Release|Any CPU
		{E799E382-D0B2-47B3-8599-1E9162B3E99B}.Debug|Any CPU.ActiveCfg = Debug|Any CPU
		{E799E382-D0B2-47B3-8599-1E9162B3E99B}.Debug|Any CPU.Build.0 = Debug|Any CPU
		{E799E382-D0B2-47B3-8599-1E9162B3E99B}.Release|Any CPU.ActiveCfg = Release|Any CPU
		{E799E382-D0B2-47B3-8599-1E9162B3E99B}.Release|Any CPU.Build.0 = Release|Any CPU
		{450D2214-E46D-4DF7-88BD-620EDB0F091D}.Debug|Any CPU.ActiveCfg = Debug|Any CPU
		{450D2214-E46D-4DF7-88BD-620EDB0F091D}.Debug|Any CPU.Build.0 = Debug|Any CPU
		{450D2214-E46D-4DF7-88BD-620EDB0F091D}.Release|Any CPU.ActiveCfg = Release|Any CPU
		{450D2214-E46D-4DF7-88BD-620EDB0F091D}.Release|Any CPU.Build.0 = Release|Any CPU
		{AE0C3940-A579-4F9E-92DA-19F9C2E8D7CF}.Debug|Any CPU.ActiveCfg = Debug|Any CPU
		{AE0C3940-A579-4F9E-92DA-19F9C2E8D7CF}.Debug|Any CPU.Build.0 = Debug|Any CPU
		{AE0C3940-A579-4F9E-92DA-19F9C2E8D7CF}.Release|Any CPU.ActiveCfg = Release|Any CPU
		{AE0C3940-A579-4F9E-92DA-19F9C2E8D7CF}.Release|Any CPU.Build.0 = Release|Any CPU
		{AD4AFF14-EEA0-488C-B994-7C88F9435C36}.Debug|Any CPU.ActiveCfg = Debug|Any CPU
		{AD4AFF14-EEA0-488C-B994-7C88F9435C36}.Debug|Any CPU.Build.0 = Debug|Any CPU
		{AD4AFF14-EEA0-488C-B994-7C88F9435C36}.Release|Any CPU.ActiveCfg = Release|Any CPU
		{AD4AFF14-EEA0-488C-B994-7C88F9435C36}.Release|Any CPU.Build.0 = Release|Any CPU
		{AE51F418-4470-4349-A654-C2B9FC399F9E}.Debug|Any CPU.ActiveCfg = Debug|Any CPU
		{AE51F418-4470-4349-A654-C2B9FC399F9E}.Debug|Any CPU.Build.0 = Debug|Any CPU
		{AE51F418-4470-4349-A654-C2B9FC399F9E}.Release|Any CPU.ActiveCfg = Release|Any CPU
		{AE51F418-4470-4349-A654-C2B9FC399F9E}.Release|Any CPU.Build.0 = Release|Any CPU
		{A17002E6-0905-4091-82E9-1AD1F833B97E}.Debug|Any CPU.ActiveCfg = Debug|Any CPU
		{A17002E6-0905-4091-82E9-1AD1F833B97E}.Debug|Any CPU.Build.0 = Debug|Any CPU
		{A17002E6-0905-4091-82E9-1AD1F833B97E}.Release|Any CPU.ActiveCfg = Release|Any CPU
		{A17002E6-0905-4091-82E9-1AD1F833B97E}.Release|Any CPU.Build.0 = Release|Any CPU
		{FC8629C1-FDBF-47CD-BC8A-76175F009EC0}.Debug|Any CPU.ActiveCfg = Debug|Any CPU
		{FC8629C1-FDBF-47CD-BC8A-76175F009EC0}.Debug|Any CPU.Build.0 = Debug|Any CPU
		{FC8629C1-FDBF-47CD-BC8A-76175F009EC0}.Release|Any CPU.ActiveCfg = Release|Any CPU
		{FC8629C1-FDBF-47CD-BC8A-76175F009EC0}.Release|Any CPU.Build.0 = Release|Any CPU
		{62514F1D-0963-4EE7-BA07-CC2A992EB8FC}.Debug|Any CPU.ActiveCfg = Debug|Any CPU
		{62514F1D-0963-4EE7-BA07-CC2A992EB8FC}.Debug|Any CPU.Build.0 = Debug|Any CPU
		{62514F1D-0963-4EE7-BA07-CC2A992EB8FC}.Release|Any CPU.ActiveCfg = Release|Any CPU
		{62514F1D-0963-4EE7-BA07-CC2A992EB8FC}.Release|Any CPU.Build.0 = Release|Any CPU
		{C5013DDB-9EE0-434F-905E-EE4C71B487FF}.Debug|Any CPU.ActiveCfg = Debug|Any CPU
		{C5013DDB-9EE0-434F-905E-EE4C71B487FF}.Debug|Any CPU.Build.0 = Debug|Any CPU
		{C5013DDB-9EE0-434F-905E-EE4C71B487FF}.Release|Any CPU.ActiveCfg = Release|Any CPU
		{C5013DDB-9EE0-434F-905E-EE4C71B487FF}.Release|Any CPU.Build.0 = Release|Any CPU
		{6C582555-2F00-4EDD-83C4-CAC623096C3A}.Debug|Any CPU.ActiveCfg = Debug|Any CPU
		{6C582555-2F00-4EDD-83C4-CAC623096C3A}.Debug|Any CPU.Build.0 = Debug|Any CPU
		{6C582555-2F00-4EDD-83C4-CAC623096C3A}.Release|Any CPU.ActiveCfg = Release|Any CPU
		{6C582555-2F00-4EDD-83C4-CAC623096C3A}.Release|Any CPU.Build.0 = Release|Any CPU
		{193D0736-FC1D-43EF-9A30-FAC051BEA52B}.Debug|Any CPU.ActiveCfg = Debug|Any CPU
		{193D0736-FC1D-43EF-9A30-FAC051BEA52B}.Debug|Any CPU.Build.0 = Debug|Any CPU
		{193D0736-FC1D-43EF-9A30-FAC051BEA52B}.Release|Any CPU.ActiveCfg = Release|Any CPU
		{193D0736-FC1D-43EF-9A30-FAC051BEA52B}.Release|Any CPU.Build.0 = Release|Any CPU
		{3308CA57-DE1F-40C6-BA90-E1FCF00BEF41}.Debug|Any CPU.ActiveCfg = Debug|Any CPU
		{3308CA57-DE1F-40C6-BA90-E1FCF00BEF41}.Debug|Any CPU.Build.0 = Debug|Any CPU
		{3308CA57-DE1F-40C6-BA90-E1FCF00BEF41}.Release|Any CPU.ActiveCfg = Release|Any CPU
		{3308CA57-DE1F-40C6-BA90-E1FCF00BEF41}.Release|Any CPU.Build.0 = Release|Any CPU
		{261BEC75-C94F-4873-8F41-EBCA0D04A592}.Debug|Any CPU.ActiveCfg = Debug|Any CPU
		{261BEC75-C94F-4873-8F41-EBCA0D04A592}.Debug|Any CPU.Build.0 = Debug|Any CPU
		{261BEC75-C94F-4873-8F41-EBCA0D04A592}.Release|Any CPU.ActiveCfg = Release|Any CPU
		{261BEC75-C94F-4873-8F41-EBCA0D04A592}.Release|Any CPU.Build.0 = Release|Any CPU
		{348F1760-AA32-4A29-AFE3-0069CA38166D}.Debug|Any CPU.ActiveCfg = Debug|Any CPU
		{348F1760-AA32-4A29-AFE3-0069CA38166D}.Debug|Any CPU.Build.0 = Debug|Any CPU
		{348F1760-AA32-4A29-AFE3-0069CA38166D}.Release|Any CPU.ActiveCfg = Release|Any CPU
		{348F1760-AA32-4A29-AFE3-0069CA38166D}.Release|Any CPU.Build.0 = Release|Any CPU
		{D74BEE1E-6FF1-4FEE-BAE9-AAB45DF71736}.Debug|Any CPU.ActiveCfg = Debug|Any CPU
		{D74BEE1E-6FF1-4FEE-BAE9-AAB45DF71736}.Debug|Any CPU.Build.0 = Debug|Any CPU
		{D74BEE1E-6FF1-4FEE-BAE9-AAB45DF71736}.Release|Any CPU.ActiveCfg = Release|Any CPU
		{D74BEE1E-6FF1-4FEE-BAE9-AAB45DF71736}.Release|Any CPU.Build.0 = Release|Any CPU
		{B44E1843-8B40-4461-A5E1-6D8786B36576}.Debug|Any CPU.ActiveCfg = Debug|Any CPU
		{B44E1843-8B40-4461-A5E1-6D8786B36576}.Debug|Any CPU.Build.0 = Debug|Any CPU
		{B44E1843-8B40-4461-A5E1-6D8786B36576}.Release|Any CPU.ActiveCfg = Release|Any CPU
		{B44E1843-8B40-4461-A5E1-6D8786B36576}.Release|Any CPU.Build.0 = Release|Any CPU
		{2480F0C7-1828-4D34-8DDA-16C8B78551D9}.Debug|Any CPU.ActiveCfg = Debug|Any CPU
		{2480F0C7-1828-4D34-8DDA-16C8B78551D9}.Debug|Any CPU.Build.0 = Debug|Any CPU
		{2480F0C7-1828-4D34-8DDA-16C8B78551D9}.Release|Any CPU.ActiveCfg = Release|Any CPU
		{2480F0C7-1828-4D34-8DDA-16C8B78551D9}.Release|Any CPU.Build.0 = Release|Any CPU
		{D2FAB000-A9BB-49C4-A878-6A5C942B149D}.Debug|Any CPU.ActiveCfg = Debug|Any CPU
		{D2FAB000-A9BB-49C4-A878-6A5C942B149D}.Debug|Any CPU.Build.0 = Debug|Any CPU
		{D2FAB000-A9BB-49C4-A878-6A5C942B149D}.Release|Any CPU.ActiveCfg = Release|Any CPU
		{D2FAB000-A9BB-49C4-A878-6A5C942B149D}.Release|Any CPU.Build.0 = Release|Any CPU
		{3B1D3786-CBD4-49C0-8E5A-A622543790D2}.Debug|Any CPU.ActiveCfg = Debug|Any CPU
		{3B1D3786-CBD4-49C0-8E5A-A622543790D2}.Debug|Any CPU.Build.0 = Debug|Any CPU
		{3B1D3786-CBD4-49C0-8E5A-A622543790D2}.Release|Any CPU.ActiveCfg = Release|Any CPU
		{3B1D3786-CBD4-49C0-8E5A-A622543790D2}.Release|Any CPU.Build.0 = Release|Any CPU
		{E348126C-50C2-4E3B-A3C5-52491850E9A0}.Debug|Any CPU.ActiveCfg = Debug|Any CPU
		{E348126C-50C2-4E3B-A3C5-52491850E9A0}.Debug|Any CPU.Build.0 = Debug|Any CPU
		{E348126C-50C2-4E3B-A3C5-52491850E9A0}.Release|Any CPU.ActiveCfg = Release|Any CPU
		{E348126C-50C2-4E3B-A3C5-52491850E9A0}.Release|Any CPU.Build.0 = Release|Any CPU
		{88B85C9F-BEFF-4C0B-9D8D-FFCFFA38F794}.Debug|Any CPU.ActiveCfg = Debug|Any CPU
		{88B85C9F-BEFF-4C0B-9D8D-FFCFFA38F794}.Debug|Any CPU.Build.0 = Debug|Any CPU
		{88B85C9F-BEFF-4C0B-9D8D-FFCFFA38F794}.Release|Any CPU.ActiveCfg = Release|Any CPU
		{88B85C9F-BEFF-4C0B-9D8D-FFCFFA38F794}.Release|Any CPU.Build.0 = Release|Any CPU
		{0B5A94E0-79F9-4550-9C7B-B23594D0BDE9}.Debug|Any CPU.ActiveCfg = Debug|Any CPU
		{0B5A94E0-79F9-4550-9C7B-B23594D0BDE9}.Debug|Any CPU.Build.0 = Debug|Any CPU
		{0B5A94E0-79F9-4550-9C7B-B23594D0BDE9}.Release|Any CPU.ActiveCfg = Release|Any CPU
		{0B5A94E0-79F9-4550-9C7B-B23594D0BDE9}.Release|Any CPU.Build.0 = Release|Any CPU
		{6C2DF331-3AE3-4BE9-B52E-FCCDF02407F1}.Debug|Any CPU.ActiveCfg = Debug|Any CPU
		{6C2DF331-3AE3-4BE9-B52E-FCCDF02407F1}.Debug|Any CPU.Build.0 = Debug|Any CPU
		{6C2DF331-3AE3-4BE9-B52E-FCCDF02407F1}.Release|Any CPU.ActiveCfg = Release|Any CPU
		{6C2DF331-3AE3-4BE9-B52E-FCCDF02407F1}.Release|Any CPU.Build.0 = Release|Any CPU
		{F4C78F77-0BFD-47F6-915E-31DF8A13FDC5}.Debug|Any CPU.ActiveCfg = Debug|Any CPU
		{F4C78F77-0BFD-47F6-915E-31DF8A13FDC5}.Debug|Any CPU.Build.0 = Debug|Any CPU
		{F4C78F77-0BFD-47F6-915E-31DF8A13FDC5}.Release|Any CPU.ActiveCfg = Release|Any CPU
		{F4C78F77-0BFD-47F6-915E-31DF8A13FDC5}.Release|Any CPU.Build.0 = Release|Any CPU
		{FCB9D746-6E2E-469A-BABC-E99B1985FBB8}.Debug|Any CPU.ActiveCfg = Debug|Any CPU
		{FCB9D746-6E2E-469A-BABC-E99B1985FBB8}.Debug|Any CPU.Build.0 = Debug|Any CPU
		{FCB9D746-6E2E-469A-BABC-E99B1985FBB8}.Release|Any CPU.ActiveCfg = Release|Any CPU
		{FCB9D746-6E2E-469A-BABC-E99B1985FBB8}.Release|Any CPU.Build.0 = Release|Any CPU
		{242CF55B-0BBF-4857-9F93-01F4DC93B516}.Debug|Any CPU.ActiveCfg = Debug|Any CPU
		{242CF55B-0BBF-4857-9F93-01F4DC93B516}.Debug|Any CPU.Build.0 = Debug|Any CPU
		{242CF55B-0BBF-4857-9F93-01F4DC93B516}.Release|Any CPU.ActiveCfg = Release|Any CPU
		{242CF55B-0BBF-4857-9F93-01F4DC93B516}.Release|Any CPU.Build.0 = Release|Any CPU
		{97D56F03-40BD-418E-B355-15CBF49EEE8A}.Debug|Any CPU.ActiveCfg = Debug|Any CPU
		{97D56F03-40BD-418E-B355-15CBF49EEE8A}.Debug|Any CPU.Build.0 = Debug|Any CPU
		{97D56F03-40BD-418E-B355-15CBF49EEE8A}.Release|Any CPU.ActiveCfg = Release|Any CPU
		{97D56F03-40BD-418E-B355-15CBF49EEE8A}.Release|Any CPU.Build.0 = Release|Any CPU
		{125B62B3-EB17-470D-8F8D-DDDF4B383009}.Debug|Any CPU.ActiveCfg = Debug|Any CPU
		{125B62B3-EB17-470D-8F8D-DDDF4B383009}.Debug|Any CPU.Build.0 = Debug|Any CPU
		{125B62B3-EB17-470D-8F8D-DDDF4B383009}.Release|Any CPU.ActiveCfg = Release|Any CPU
		{125B62B3-EB17-470D-8F8D-DDDF4B383009}.Release|Any CPU.Build.0 = Release|Any CPU
		{4FE863EE-E173-474E-8C6D-6511350280A1}.Debug|Any CPU.ActiveCfg = Debug|Any CPU
		{4FE863EE-E173-474E-8C6D-6511350280A1}.Debug|Any CPU.Build.0 = Debug|Any CPU
		{4FE863EE-E173-474E-8C6D-6511350280A1}.Release|Any CPU.ActiveCfg = Release|Any CPU
		{4FE863EE-E173-474E-8C6D-6511350280A1}.Release|Any CPU.Build.0 = Release|Any CPU
		{83B3C197-6980-48C0-AE0E-6D21408E4978}.Debug|Any CPU.ActiveCfg = Debug|Any CPU
		{83B3C197-6980-48C0-AE0E-6D21408E4978}.Debug|Any CPU.Build.0 = Debug|Any CPU
		{83B3C197-6980-48C0-AE0E-6D21408E4978}.Release|Any CPU.ActiveCfg = Release|Any CPU
		{83B3C197-6980-48C0-AE0E-6D21408E4978}.Release|Any CPU.Build.0 = Release|Any CPU
		{1582E79B-88CD-4A58-AEE8-78943998DAC7}.Debug|Any CPU.ActiveCfg = Debug|Any CPU
		{1582E79B-88CD-4A58-AEE8-78943998DAC7}.Debug|Any CPU.Build.0 = Debug|Any CPU
		{1582E79B-88CD-4A58-AEE8-78943998DAC7}.Release|Any CPU.ActiveCfg = Release|Any CPU
		{1582E79B-88CD-4A58-AEE8-78943998DAC7}.Release|Any CPU.Build.0 = Release|Any CPU
		{5CBE63F0-AF7C-454F-B751-931553DB0B17}.Debug|Any CPU.ActiveCfg = Debug|Any CPU
		{5CBE63F0-AF7C-454F-B751-931553DB0B17}.Debug|Any CPU.Build.0 = Debug|Any CPU
		{5CBE63F0-AF7C-454F-B751-931553DB0B17}.Release|Any CPU.ActiveCfg = Release|Any CPU
		{5CBE63F0-AF7C-454F-B751-931553DB0B17}.Release|Any CPU.Build.0 = Release|Any CPU
		{588D2C11-BF8E-40A7-8F12-2F163FCF8E29}.Debug|Any CPU.ActiveCfg = Debug|Any CPU
		{588D2C11-BF8E-40A7-8F12-2F163FCF8E29}.Debug|Any CPU.Build.0 = Debug|Any CPU
		{588D2C11-BF8E-40A7-8F12-2F163FCF8E29}.Release|Any CPU.ActiveCfg = Release|Any CPU
		{588D2C11-BF8E-40A7-8F12-2F163FCF8E29}.Release|Any CPU.Build.0 = Release|Any CPU
		{E3DEF4A4-4406-44FA-BF7C-4EBAD4F6D6E1}.Debug|Any CPU.ActiveCfg = Debug|Any CPU
		{E3DEF4A4-4406-44FA-BF7C-4EBAD4F6D6E1}.Debug|Any CPU.Build.0 = Debug|Any CPU
		{E3DEF4A4-4406-44FA-BF7C-4EBAD4F6D6E1}.Release|Any CPU.ActiveCfg = Release|Any CPU
		{E3DEF4A4-4406-44FA-BF7C-4EBAD4F6D6E1}.Release|Any CPU.Build.0 = Release|Any CPU
		{84A558EF-5A6C-4B83-8F05-F93CD2B143EE}.Debug|Any CPU.ActiveCfg = Debug|Any CPU
		{84A558EF-5A6C-4B83-8F05-F93CD2B143EE}.Debug|Any CPU.Build.0 = Debug|Any CPU
		{84A558EF-5A6C-4B83-8F05-F93CD2B143EE}.Release|Any CPU.ActiveCfg = Release|Any CPU
		{84A558EF-5A6C-4B83-8F05-F93CD2B143EE}.Release|Any CPU.Build.0 = Release|Any CPU
		{505A46D8-79EE-43F2-A284-E150C4BA6620}.Debug|Any CPU.ActiveCfg = Debug|Any CPU
		{505A46D8-79EE-43F2-A284-E150C4BA6620}.Debug|Any CPU.Build.0 = Debug|Any CPU
		{505A46D8-79EE-43F2-A284-E150C4BA6620}.Release|Any CPU.ActiveCfg = Release|Any CPU
		{505A46D8-79EE-43F2-A284-E150C4BA6620}.Release|Any CPU.Build.0 = Release|Any CPU
		{CA356711-81CD-4B64-ADF4-83FA014A5EFB}.Debug|Any CPU.ActiveCfg = Debug|Any CPU
		{CA356711-81CD-4B64-ADF4-83FA014A5EFB}.Debug|Any CPU.Build.0 = Debug|Any CPU
		{CA356711-81CD-4B64-ADF4-83FA014A5EFB}.Release|Any CPU.ActiveCfg = Release|Any CPU
		{CA356711-81CD-4B64-ADF4-83FA014A5EFB}.Release|Any CPU.Build.0 = Release|Any CPU
		{E8CB4BAC-AB4B-47EA-AEDE-734F8745B175}.Debug|Any CPU.ActiveCfg = Debug|Any CPU
		{E8CB4BAC-AB4B-47EA-AEDE-734F8745B175}.Debug|Any CPU.Build.0 = Debug|Any CPU
		{E8CB4BAC-AB4B-47EA-AEDE-734F8745B175}.Release|Any CPU.ActiveCfg = Release|Any CPU
		{E8CB4BAC-AB4B-47EA-AEDE-734F8745B175}.Release|Any CPU.Build.0 = Release|Any CPU
		{1C77CCA7-C343-4307-A374-7A498CC5C82C}.Debug|Any CPU.ActiveCfg = Debug|Any CPU
		{1C77CCA7-C343-4307-A374-7A498CC5C82C}.Debug|Any CPU.Build.0 = Debug|Any CPU
		{1C77CCA7-C343-4307-A374-7A498CC5C82C}.Release|Any CPU.ActiveCfg = Release|Any CPU
		{1C77CCA7-C343-4307-A374-7A498CC5C82C}.Release|Any CPU.Build.0 = Release|Any CPU
		{C495AEE8-43EB-49F6-839A-FDAAF203DDC9}.Debug|Any CPU.ActiveCfg = Debug|Any CPU
		{C495AEE8-43EB-49F6-839A-FDAAF203DDC9}.Debug|Any CPU.Build.0 = Debug|Any CPU
		{C495AEE8-43EB-49F6-839A-FDAAF203DDC9}.Release|Any CPU.ActiveCfg = Release|Any CPU
		{C495AEE8-43EB-49F6-839A-FDAAF203DDC9}.Release|Any CPU.Build.0 = Release|Any CPU
		{92E771BB-A5A9-4722-B365-DB3D4422F5CA}.Debug|Any CPU.ActiveCfg = Debug|Any CPU
		{92E771BB-A5A9-4722-B365-DB3D4422F5CA}.Debug|Any CPU.Build.0 = Debug|Any CPU
		{92E771BB-A5A9-4722-B365-DB3D4422F5CA}.Release|Any CPU.ActiveCfg = Release|Any CPU
		{92E771BB-A5A9-4722-B365-DB3D4422F5CA}.Release|Any CPU.Build.0 = Release|Any CPU
		{49D64CE3-566D-45E3-80A4-82C0EE7384E9}.Debug|Any CPU.ActiveCfg = Debug|Any CPU
		{49D64CE3-566D-45E3-80A4-82C0EE7384E9}.Debug|Any CPU.Build.0 = Debug|Any CPU
		{49D64CE3-566D-45E3-80A4-82C0EE7384E9}.Release|Any CPU.ActiveCfg = Release|Any CPU
		{49D64CE3-566D-45E3-80A4-82C0EE7384E9}.Release|Any CPU.Build.0 = Release|Any CPU
		{DCC0170A-6C98-4A84-8991-53FEE00F3DD3}.Debug|Any CPU.ActiveCfg = Debug|Any CPU
		{DCC0170A-6C98-4A84-8991-53FEE00F3DD3}.Debug|Any CPU.Build.0 = Debug|Any CPU
		{DCC0170A-6C98-4A84-8991-53FEE00F3DD3}.Release|Any CPU.ActiveCfg = Release|Any CPU
		{DCC0170A-6C98-4A84-8991-53FEE00F3DD3}.Release|Any CPU.Build.0 = Release|Any CPU
		{2EE154A8-D14F-4CC9-A7E8-7F1BF81F8C8B}.Debug|Any CPU.ActiveCfg = Debug|Any CPU
		{2EE154A8-D14F-4CC9-A7E8-7F1BF81F8C8B}.Debug|Any CPU.Build.0 = Debug|Any CPU
		{2EE154A8-D14F-4CC9-A7E8-7F1BF81F8C8B}.Release|Any CPU.ActiveCfg = Release|Any CPU
		{2EE154A8-D14F-4CC9-A7E8-7F1BF81F8C8B}.Release|Any CPU.Build.0 = Release|Any CPU
		{C25059F0-4FBA-48A3-9DDE-1687EBAC7FB4}.Debug|Any CPU.ActiveCfg = Debug|Any CPU
		{C25059F0-4FBA-48A3-9DDE-1687EBAC7FB4}.Debug|Any CPU.Build.0 = Debug|Any CPU
		{C25059F0-4FBA-48A3-9DDE-1687EBAC7FB4}.Release|Any CPU.ActiveCfg = Release|Any CPU
		{C25059F0-4FBA-48A3-9DDE-1687EBAC7FB4}.Release|Any CPU.Build.0 = Release|Any CPU
		{F2A1CB78-9506-42B7-B968-36BAF365B67A}.Debug|Any CPU.ActiveCfg = Debug|Any CPU
		{F2A1CB78-9506-42B7-B968-36BAF365B67A}.Debug|Any CPU.Build.0 = Debug|Any CPU
		{F2A1CB78-9506-42B7-B968-36BAF365B67A}.Release|Any CPU.ActiveCfg = Release|Any CPU
		{F2A1CB78-9506-42B7-B968-36BAF365B67A}.Release|Any CPU.Build.0 = Release|Any CPU
	EndGlobalSection
	GlobalSection(NestedProjects) = preSolution
		{FCCF0EC2-C528-4EC3-98F1-08DA416F229B} = {82C2A303-9E2A-4EE6-ACC4-D213B65DFA18}
		{05A4D3DA-24AA-4B86-B5A9-60AD106FA6FC} = {82C2A303-9E2A-4EE6-ACC4-D213B65DFA18}
		{DA44B03B-724F-4A39-A485-01DEF432BF94} = {E4825D9F-6FD0-473E-82D6-06859B199175}
		{B72A3965-7165-4CDE-B9E2-C7CA3BFBDE95} = {E4825D9F-6FD0-473E-82D6-06859B199175}
		{981DD4F9-EFEA-47E1-84A4-969F8032C633} = {E4825D9F-6FD0-473E-82D6-06859B199175}
		{977132EE-AC89-4FB1-9F06-C83D38FE18A7} = {E4825D9F-6FD0-473E-82D6-06859B199175}
		{8C8B10BA-DCCE-47B4-8FAB-E8677866445E} = {E4825D9F-6FD0-473E-82D6-06859B199175}
		{BB09D7C7-98BC-436E-8332-49FC561E76CF} = {E4825D9F-6FD0-473E-82D6-06859B199175}
		{4F5B15A2-59CE-4B49-92BD-3FF540A55CCD} = {E4825D9F-6FD0-473E-82D6-06859B199175}
		{765D6743-3E9D-4BE5-BA92-BDB6019C0C22} = {6ED33CC8-7A4D-4B4A-9550-DEDFD207378C}
		{596AD206-74B4-4B25-B0AD-AFC7254DB52A} = {765D6743-3E9D-4BE5-BA92-BDB6019C0C22}
		{9409C07D-C77E-4C14-9C6C-C3995E8EC86E} = {765D6743-3E9D-4BE5-BA92-BDB6019C0C22}
		{7E346B47-B22E-47AB-AB35-B31072179680} = {765D6743-3E9D-4BE5-BA92-BDB6019C0C22}
		{E799E382-D0B2-47B3-8599-1E9162B3E99B} = {765D6743-3E9D-4BE5-BA92-BDB6019C0C22}
		{450D2214-E46D-4DF7-88BD-620EDB0F091D} = {765D6743-3E9D-4BE5-BA92-BDB6019C0C22}
		{AE0C3940-A579-4F9E-92DA-19F9C2E8D7CF} = {F9D1D8FD-5926-4499-9404-14025A5AB733}
		{23645139-2B2E-4CB1-AE85-8A511BE5D91D} = {6ED33CC8-7A4D-4B4A-9550-DEDFD207378C}
		{AD4AFF14-EEA0-488C-B994-7C88F9435C36} = {23645139-2B2E-4CB1-AE85-8A511BE5D91D}
		{AE51F418-4470-4349-A654-C2B9FC399F9E} = {23645139-2B2E-4CB1-AE85-8A511BE5D91D}
		{A17002E6-0905-4091-82E9-1AD1F833B97E} = {23645139-2B2E-4CB1-AE85-8A511BE5D91D}
		{FC8629C1-FDBF-47CD-BC8A-76175F009EC0} = {23645139-2B2E-4CB1-AE85-8A511BE5D91D}
		{90CF5BC3-BE2C-44A4-9BEF-9A875A8BAE45} = {6ED33CC8-7A4D-4B4A-9550-DEDFD207378C}
		{62514F1D-0963-4EE7-BA07-CC2A992EB8FC} = {90CF5BC3-BE2C-44A4-9BEF-9A875A8BAE45}
		{C5013DDB-9EE0-434F-905E-EE4C71B487FF} = {90CF5BC3-BE2C-44A4-9BEF-9A875A8BAE45}
		{082B5349-37EF-470C-B0D7-10B524FBEFE5} = {6ED33CC8-7A4D-4B4A-9550-DEDFD207378C}
		{6C582555-2F00-4EDD-83C4-CAC623096C3A} = {082B5349-37EF-470C-B0D7-10B524FBEFE5}
		{193D0736-FC1D-43EF-9A30-FAC051BEA52B} = {082B5349-37EF-470C-B0D7-10B524FBEFE5}
		{3308CA57-DE1F-40C6-BA90-E1FCF00BEF41} = {082B5349-37EF-470C-B0D7-10B524FBEFE5}
		{5F2B2095-D1F7-47F3-BA76-EB559A2D19D4} = {6ED33CC8-7A4D-4B4A-9550-DEDFD207378C}
		{261BEC75-C94F-4873-8F41-EBCA0D04A592} = {5F2B2095-D1F7-47F3-BA76-EB559A2D19D4}
		{348F1760-AA32-4A29-AFE3-0069CA38166D} = {5F2B2095-D1F7-47F3-BA76-EB559A2D19D4}
		{D74BEE1E-6FF1-4FEE-BAE9-AAB45DF71736} = {5F2B2095-D1F7-47F3-BA76-EB559A2D19D4}
		{1A1D11F0-0A07-49FC-8D66-423762B55D23} = {6ED33CC8-7A4D-4B4A-9550-DEDFD207378C}
		{B44E1843-8B40-4461-A5E1-6D8786B36576} = {1A1D11F0-0A07-49FC-8D66-423762B55D23}
		{2480F0C7-1828-4D34-8DDA-16C8B78551D9} = {1A1D11F0-0A07-49FC-8D66-423762B55D23}
		{C9809F9A-6A0A-4724-A0F1-F54FE6705029} = {6ED33CC8-7A4D-4B4A-9550-DEDFD207378C}
		{D2FAB000-A9BB-49C4-A878-6A5C942B149D} = {C9809F9A-6A0A-4724-A0F1-F54FE6705029}
		{3B1D3786-CBD4-49C0-8E5A-A622543790D2} = {C9809F9A-6A0A-4724-A0F1-F54FE6705029}
		{220BF9B0-F2A1-4CC7-88E3-B482AC8A68A6} = {6ED33CC8-7A4D-4B4A-9550-DEDFD207378C}
		{E348126C-50C2-4E3B-A3C5-52491850E9A0} = {220BF9B0-F2A1-4CC7-88E3-B482AC8A68A6}
		{8DB0B884-961F-4FFF-B42C-8D773707A482} = {6ED33CC8-7A4D-4B4A-9550-DEDFD207378C}
		{88B85C9F-BEFF-4C0B-9D8D-FFCFFA38F794} = {8DB0B884-961F-4FFF-B42C-8D773707A482}
		{B95F4A82-D909-4060-89DA-D300E6F328D1} = {6ED33CC8-7A4D-4B4A-9550-DEDFD207378C}
		{0B5A94E0-79F9-4550-9C7B-B23594D0BDE9} = {B95F4A82-D909-4060-89DA-D300E6F328D1}
		{6C2DF331-3AE3-4BE9-B52E-FCCDF02407F1} = {B95F4A82-D909-4060-89DA-D300E6F328D1}
		{4784D264-395E-4C81-B544-530F4957ABB1} = {6ED33CC8-7A4D-4B4A-9550-DEDFD207378C}
		{F4C78F77-0BFD-47F6-915E-31DF8A13FDC5} = {4784D264-395E-4C81-B544-530F4957ABB1}
		{FCB9D746-6E2E-469A-BABC-E99B1985FBB8} = {E4825D9F-6FD0-473E-82D6-06859B199175}
		{242CF55B-0BBF-4857-9F93-01F4DC93B516} = {4784D264-395E-4C81-B544-530F4957ABB1}
		{97D56F03-40BD-418E-B355-15CBF49EEE8A} = {79BBA1B5-E298-4C6E-A026-9B8F695AF98D}
		{D8908FAE-827C-45E6-8359-4677998B54EE} = {6ED33CC8-7A4D-4B4A-9550-DEDFD207378C}
		{125B62B3-EB17-470D-8F8D-DDDF4B383009} = {D8908FAE-827C-45E6-8359-4677998B54EE}
		{4FE863EE-E173-474E-8C6D-6511350280A1} = {E4825D9F-6FD0-473E-82D6-06859B199175}
		{83B3C197-6980-48C0-AE0E-6D21408E4978} = {D8908FAE-827C-45E6-8359-4677998B54EE}
		{1582E79B-88CD-4A58-AEE8-78943998DAC7} = {E4825D9F-6FD0-473E-82D6-06859B199175}
		{1B9B14A2-540F-40D0-A4F8-62A612A84ED5} = {6ED33CC8-7A4D-4B4A-9550-DEDFD207378C}
		{5CBE63F0-AF7C-454F-B751-931553DB0B17} = {1B9B14A2-540F-40D0-A4F8-62A612A84ED5}
		{C0A102CD-B145-4B7A-A999-A6F34FC9FC32} = {6ED33CC8-7A4D-4B4A-9550-DEDFD207378C}
		{588D2C11-BF8E-40A7-8F12-2F163FCF8E29} = {C0A102CD-B145-4B7A-A999-A6F34FC9FC32}
		{E3DEF4A4-4406-44FA-BF7C-4EBAD4F6D6E1} = {E4825D9F-6FD0-473E-82D6-06859B199175}
		{47E42B2A-3F58-407F-A10B-B65EDE15543C} = {6ED33CC8-7A4D-4B4A-9550-DEDFD207378C}
		{84A558EF-5A6C-4B83-8F05-F93CD2B143EE} = {47E42B2A-3F58-407F-A10B-B65EDE15543C}
		{505A46D8-79EE-43F2-A284-E150C4BA6620} = {47E42B2A-3F58-407F-A10B-B65EDE15543C}
		{335B1AD7-0AAA-49E1-BEB7-E6E27A4B41E8} = {6ED33CC8-7A4D-4B4A-9550-DEDFD207378C}
		{CA356711-81CD-4B64-ADF4-83FA014A5EFB} = {335B1AD7-0AAA-49E1-BEB7-E6E27A4B41E8}
		{2E40B789-D587-45BB-B498-068BA39AF8AB} = {6ED33CC8-7A4D-4B4A-9550-DEDFD207378C}
		{E8CB4BAC-AB4B-47EA-AEDE-734F8745B175} = {2E40B789-D587-45BB-B498-068BA39AF8AB}
		{1C77CCA7-C343-4307-A374-7A498CC5C82C} = {2E40B789-D587-45BB-B498-068BA39AF8AB}
		{C495AEE8-43EB-49F6-839A-FDAAF203DDC9} = {2E40B789-D587-45BB-B498-068BA39AF8AB}
		{7C3FDD7B-1E02-4A9B-9D16-619EC6E696C4} = {6ED33CC8-7A4D-4B4A-9550-DEDFD207378C}
		{92E771BB-A5A9-4722-B365-DB3D4422F5CA} = {7C3FDD7B-1E02-4A9B-9D16-619EC6E696C4}
		{49D64CE3-566D-45E3-80A4-82C0EE7384E9} = {7C3FDD7B-1E02-4A9B-9D16-619EC6E696C4}
		{68196EEE-0F27-4F1B-ABDA-FCF3246AAE12} = {6ED33CC8-7A4D-4B4A-9550-DEDFD207378C}
		{DCC0170A-6C98-4A84-8991-53FEE00F3DD3} = {68196EEE-0F27-4F1B-ABDA-FCF3246AAE12}
		{8D721B55-866E-4904-BC27-8B89F32345DD} = {6ED33CC8-7A4D-4B4A-9550-DEDFD207378C}
		{2EE154A8-D14F-4CC9-A7E8-7F1BF81F8C8B} = {8D721B55-866E-4904-BC27-8B89F32345DD}
		{6AF65609-1502-4097-AC78-17A4A7A26083} = {6ED33CC8-7A4D-4B4A-9550-DEDFD207378C}
		{C25059F0-4FBA-48A3-9DDE-1687EBAC7FB4} = {6AF65609-1502-4097-AC78-17A4A7A26083}
		{F2A1CB78-9506-42B7-B968-36BAF365B67A} = {6AF65609-1502-4097-AC78-17A4A7A26083}
	EndGlobalSection
EndGlobal
