
Microsoft Visual Studio Solution File, Format Version 12.00
# Visual Studio Version 17
VisualStudioVersion = 17.0.31903.59
MinimumVisualStudioVersion = 10.0.40219.1
Project("{2150E333-8FDC-42A3-9474-1A3956D46DE8}") = "AspNet", "AspNet", "{82C2A303-9E2A-4EE6-ACC4-D213B65DFA18}"
EndProject
Project("{FAE04EC0-301F-11D3-BF4B-00C04F79EFBC}") = "AspNetAppSettings", "AspNet\AspNetAppSettings\AspNetAppSettings.csproj", "{FCCF0EC2-C528-4EC3-98F1-08DA416F229B}"
EndProject
Project("{FAE04EC0-301F-11D3-BF4B-00C04F79EFBC}") = "AspNetDependencyInjection", "AspNet\AspNetDependencyInjection\AspNetDependencyInjection.csproj", "{05A4D3DA-24AA-4B86-B5A9-60AD106FA6FC}"
EndProject
Project("{FAE04EC0-301F-11D3-BF4B-00C04F79EFBC}") = "ConsolePlayground", "ConsolePlayground\ConsolePlayground.csproj", "{B59D97C1-55D2-49CE-B6E1-0AF2DEEC2E39}"
EndProject
Project("{2150E333-8FDC-42A3-9474-1A3956D46DE8}") = "Language", "Language", "{E4825D9F-6FD0-473E-82D6-06859B199175}"
EndProject
Project("{FAE04EC0-301F-11D3-BF4B-00C04F79EFBC}") = "AutoProperties", "Language\AutoProperties\AutoProperties.csproj", "{DA44B03B-724F-4A39-A485-01DEF432BF94}"
EndProject
Project("{FAE04EC0-301F-11D3-BF4B-00C04F79EFBC}") = "Casting", "Language\Casting\Casting.csproj", "{B72A3965-7165-4CDE-B9E2-C7CA3BFBDE95}"
EndProject
Project("{FAE04EC0-301F-11D3-BF4B-00C04F79EFBC}") = "Delegates", "Language\Delegates\Delegates.csproj", "{981DD4F9-EFEA-47E1-84A4-969F8032C633}"
EndProject
Project("{FAE04EC0-301F-11D3-BF4B-00C04F79EFBC}") = "Files", "Language\Files\Files.csproj", "{977132EE-AC89-4FB1-9F06-C83D38FE18A7}"
EndProject
Project("{FAE04EC0-301F-11D3-BF4B-00C04F79EFBC}") = "Indexers", "Language\Indexers\Indexers.csproj", "{8C8B10BA-DCCE-47B4-8FAB-E8677866445E}"
EndProject
Project("{FAE04EC0-301F-11D3-BF4B-00C04F79EFBC}") = "ObjectType", "Language\ObjectType\ObjectType.csproj", "{BB09D7C7-98BC-436E-8332-49FC561E76CF}"
EndProject
Project("{FAE04EC0-301F-11D3-BF4B-00C04F79EFBC}") = "SqlDataAccess", "Language\SqlDataAccess\SqlDataAccess.csproj", "{4F5B15A2-59CE-4B49-92BD-3FF540A55CCD}"
EndProject
Project("{2150E333-8FDC-42A3-9474-1A3956D46DE8}") = "DesignPatterns", "DesignPatterns", "{6ED33CC8-7A4D-4B4A-9550-DEDFD207378C}"
EndProject
Project("{2150E333-8FDC-42A3-9474-1A3956D46DE8}") = "Builder", "Builder", "{765D6743-3E9D-4BE5-BA92-BDB6019C0C22}"
EndProject
Project("{FAE04EC0-301F-11D3-BF4B-00C04F79EFBC}") = "FacetedBuilder", "DesignPatterns\Builder\FacetedBuilder\FacetedBuilder.csproj", "{596AD206-74B4-4B25-B0AD-AFC7254DB52A}"
EndProject
Project("{FAE04EC0-301F-11D3-BF4B-00C04F79EFBC}") = "FluentBuilder", "DesignPatterns\Builder\FluentBuilder\FluentBuilder.csproj", "{9409C07D-C77E-4C14-9C6C-C3995E8EC86E}"
EndProject
Project("{FAE04EC0-301F-11D3-BF4B-00C04F79EFBC}") = "FunctionalBuilder", "DesignPatterns\Builder\FunctionalBuilder\FunctionalBuilder.csproj", "{7E346B47-B22E-47AB-AB35-B31072179680}"
EndProject
Project("{FAE04EC0-301F-11D3-BF4B-00C04F79EFBC}") = "RecursiveGenericsBuilder", "DesignPatterns\Builder\RecursiveGenericsBuilder\RecursiveGenericsBuilder.csproj", "{E799E382-D0B2-47B3-8599-1E9162B3E99B}"
EndProject
Project("{FAE04EC0-301F-11D3-BF4B-00C04F79EFBC}") = "StepwiseBuilder", "DesignPatterns\Builder\StepwiseBuilder\StepwiseBuilder.csproj", "{450D2214-E46D-4DF7-88BD-620EDB0F091D}"
EndProject
Project("{2150E333-8FDC-42A3-9474-1A3956D46DE8}") = "Pocs", "Pocs", "{F9D1D8FD-5926-4499-9404-14025A5AB733}"
EndProject
Project("{FAE04EC0-301F-11D3-BF4B-00C04F79EFBC}") = "OpenClosedPrinciple", "Pocs\OpenClosedPrinciple\OpenClosedPrinciple.csproj", "{AE0C3940-A579-4F9E-92DA-19F9C2E8D7CF}"
EndProject
Project("{2150E333-8FDC-42A3-9474-1A3956D46DE8}") = "Factory", "Factory", "{23645139-2B2E-4CB1-AE85-8A511BE5D91D}"
EndProject
Project("{FAE04EC0-301F-11D3-BF4B-00C04F79EFBC}") = "ObjectTrackingWithFactory", "DesignPatterns\Factory\ObjectTrackingWithFactory\ObjectTrackingWithFactory.csproj", "{AD4AFF14-EEA0-488C-B994-7C88F9435C36}"
EndProject
Project("{FAE04EC0-301F-11D3-BF4B-00C04F79EFBC}") = "BulkReplacementWithFactory", "DesignPatterns\Factory\BulkReplacementWithFactory\BulkReplacementWithFactory.csproj", "{AE51F418-4470-4349-A654-C2B9FC399F9E}"
EndProject
Project("{FAE04EC0-301F-11D3-BF4B-00C04F79EFBC}") = "AbstractFactory", "DesignPatterns\Factory\AbstractFactory\AbstractFactory.csproj", "{A17002E6-0905-4091-82E9-1AD1F833B97E}"
EndProject
Project("{FAE04EC0-301F-11D3-BF4B-00C04F79EFBC}") = "FactoryMethod", "DesignPatterns\Factory\FactoryMethod\FactoryMethod.csproj", "{FC8629C1-FDBF-47CD-BC8A-76175F009EC0}"
EndProject
Project("{2150E333-8FDC-42A3-9474-1A3956D46DE8}") = "Prototype", "Prototype", "{90CF5BC3-BE2C-44A4-9BEF-9A875A8BAE45}"
EndProject
Project("{FAE04EC0-301F-11D3-BF4B-00C04F79EFBC}") = "ExplicityPrototypeInterface", "DesignPatterns\Prototype\ExplicityPrototypeInterface\ExplicityPrototypeInterface.csproj", "{62514F1D-0963-4EE7-BA07-CC2A992EB8FC}"
EndProject
Project("{FAE04EC0-301F-11D3-BF4B-00C04F79EFBC}") = "CopyThroughSerialization", "DesignPatterns\Prototype\CopyThroughSerialization\CopyThroughSerialization.csproj", "{C5013DDB-9EE0-434F-905E-EE4C71B487FF}"
EndProject
Project("{2150E333-8FDC-42A3-9474-1A3956D46DE8}") = "Singleton", "Singleton", "{082B5349-37EF-470C-B0D7-10B524FBEFE5}"
EndProject
Project("{FAE04EC0-301F-11D3-BF4B-00C04F79EFBC}") = "SingletonImplementation", "DesignPatterns\Singleton\SingletonImplementation\SingletonImplementation.csproj", "{6C582555-2F00-4EDD-83C4-CAC623096C3A}"
EndProject
Project("{FAE04EC0-301F-11D3-BF4B-00C04F79EFBC}") = "MonostateApproach", "DesignPatterns\Singleton\MonostateApproach\MonostateApproach.csproj", "{193D0736-FC1D-43EF-9A30-FAC051BEA52B}"
EndProject
Project("{FAE04EC0-301F-11D3-BF4B-00C04F79EFBC}") = "PerThreadSingleton", "DesignPatterns\Singleton\PerThreadSingleton\PerThreadSingleton.csproj", "{3308CA57-DE1F-40C6-BA90-E1FCF00BEF41}"
EndProject
Project("{2150E333-8FDC-42A3-9474-1A3956D46DE8}") = "Adapter", "Adapter", "{5F2B2095-D1F7-47F3-BA76-EB559A2D19D4}"
EndProject
Project("{FAE04EC0-301F-11D3-BF4B-00C04F79EFBC}") = "RandomAdapterExample", "DesignPatterns\Adapter\RandomAdapterExample\RandomAdapterExample.csproj", "{261BEC75-C94F-4873-8F41-EBCA0D04A592}"
EndProject
Project("{FAE04EC0-301F-11D3-BF4B-00C04F79EFBC}") = "GenericValueAdapter", "DesignPatterns\Adapter\GenericValueAdapter\GenericValueAdapter.csproj", "{348F1760-AA32-4A29-AFE3-0069CA38166D}"
EndProject
Project("{FAE04EC0-301F-11D3-BF4B-00C04F79EFBC}") = "AdapterImplementation", "DesignPatterns\Adapter\AdapterImplementation\AdapterImplementation.csproj", "{D74BEE1E-6FF1-4FEE-BAE9-AAB45DF71736}"
EndProject
Project("{2150E333-8FDC-42A3-9474-1A3956D46DE8}") = "Composite", "Composite", "{1A1D11F0-0A07-49FC-8D66-423762B55D23}"
EndProject
Project("{FAE04EC0-301F-11D3-BF4B-00C04F79EFBC}") = "CompositeImplementation", "DesignPatterns\Composite\CompositeImplementation\CompositeImplementation.csproj", "{B44E1843-8B40-4461-A5E1-6D8786B36576}"
EndProject
Project("{FAE04EC0-301F-11D3-BF4B-00C04F79EFBC}") = "NeuronsWithComposite", "DesignPatterns\Composite\NeuronsWithComposite\NeuronsWithComposite.csproj", "{2480F0C7-1828-4D34-8DDA-16C8B78551D9}"
EndProject
Project("{2150E333-8FDC-42A3-9474-1A3956D46DE8}") = "Decorator", "Decorator", "{C9809F9A-6A0A-4724-A0F1-F54FE6705029}"
EndProject
Project("{FAE04EC0-301F-11D3-BF4B-00C04F79EFBC}") = "DecoratorCycles", "DesignPatterns\Decorator\DecoratorCycles\DecoratorCycles.csproj", "{D2FAB000-A9BB-49C4-A878-6A5C942B149D}"
EndProject
Project("{FAE04EC0-301F-11D3-BF4B-00C04F79EFBC}") = "DecoratorImplementation", "DesignPatterns\Decorator\DecoratorImplementation\DecoratorImplementation.csproj", "{3B1D3786-CBD4-49C0-8E5A-A622543790D2}"
EndProject
Project("{2150E333-8FDC-42A3-9474-1A3956D46DE8}") = "Bridge", "Bridge", "{220BF9B0-F2A1-4CC7-88E3-B482AC8A68A6}"
EndProject
Project("{FAE04EC0-301F-11D3-BF4B-00C04F79EFBC}") = "Bridge", "DesignPatterns\Bridge\Bridge.csproj", "{E348126C-50C2-4E3B-A3C5-52491850E9A0}"
EndProject
Project("{2150E333-8FDC-42A3-9474-1A3956D46DE8}") = "Facade", "Facade", "{8DB0B884-961F-4FFF-B42C-8D773707A482}"
EndProject
Project("{FAE04EC0-301F-11D3-BF4B-00C04F79EFBC}") = "Facade", "DesignPatterns\Facade\Facade.csproj", "{88B85C9F-BEFF-4C0B-9D8D-FFCFFA38F794}"
EndProject
Global
	GlobalSection(SolutionConfigurationPlatforms) = preSolution
		Debug|Any CPU = Debug|Any CPU
		Release|Any CPU = Release|Any CPU
	EndGlobalSection
	GlobalSection(SolutionProperties) = preSolution
		HideSolutionNode = FALSE
	EndGlobalSection
	GlobalSection(ProjectConfigurationPlatforms) = postSolution
		{FCCF0EC2-C528-4EC3-98F1-08DA416F229B}.Debug|Any CPU.ActiveCfg = Debug|Any CPU
		{FCCF0EC2-C528-4EC3-98F1-08DA416F229B}.Debug|Any CPU.Build.0 = Debug|Any CPU
		{FCCF0EC2-C528-4EC3-98F1-08DA416F229B}.Release|Any CPU.ActiveCfg = Release|Any CPU
		{FCCF0EC2-C528-4EC3-98F1-08DA416F229B}.Release|Any CPU.Build.0 = Release|Any CPU
		{05A4D3DA-24AA-4B86-B5A9-60AD106FA6FC}.Debug|Any CPU.ActiveCfg = Debug|Any CPU
		{05A4D3DA-24AA-4B86-B5A9-60AD106FA6FC}.Debug|Any CPU.Build.0 = Debug|Any CPU
		{05A4D3DA-24AA-4B86-B5A9-60AD106FA6FC}.Release|Any CPU.ActiveCfg = Release|Any CPU
		{05A4D3DA-24AA-4B86-B5A9-60AD106FA6FC}.Release|Any CPU.Build.0 = Release|Any CPU
		{B59D97C1-55D2-49CE-B6E1-0AF2DEEC2E39}.Debug|Any CPU.ActiveCfg = Debug|Any CPU
		{B59D97C1-55D2-49CE-B6E1-0AF2DEEC2E39}.Debug|Any CPU.Build.0 = Debug|Any CPU
		{B59D97C1-55D2-49CE-B6E1-0AF2DEEC2E39}.Release|Any CPU.ActiveCfg = Release|Any CPU
		{B59D97C1-55D2-49CE-B6E1-0AF2DEEC2E39}.Release|Any CPU.Build.0 = Release|Any CPU
		{DA44B03B-724F-4A39-A485-01DEF432BF94}.Debug|Any CPU.ActiveCfg = Debug|Any CPU
		{DA44B03B-724F-4A39-A485-01DEF432BF94}.Debug|Any CPU.Build.0 = Debug|Any CPU
		{DA44B03B-724F-4A39-A485-01DEF432BF94}.Release|Any CPU.ActiveCfg = Release|Any CPU
		{DA44B03B-724F-4A39-A485-01DEF432BF94}.Release|Any CPU.Build.0 = Release|Any CPU
		{B72A3965-7165-4CDE-B9E2-C7CA3BFBDE95}.Debug|Any CPU.ActiveCfg = Debug|Any CPU
		{B72A3965-7165-4CDE-B9E2-C7CA3BFBDE95}.Debug|Any CPU.Build.0 = Debug|Any CPU
		{B72A3965-7165-4CDE-B9E2-C7CA3BFBDE95}.Release|Any CPU.ActiveCfg = Release|Any CPU
		{B72A3965-7165-4CDE-B9E2-C7CA3BFBDE95}.Release|Any CPU.Build.0 = Release|Any CPU
		{981DD4F9-EFEA-47E1-84A4-969F8032C633}.Debug|Any CPU.ActiveCfg = Debug|Any CPU
		{981DD4F9-EFEA-47E1-84A4-969F8032C633}.Debug|Any CPU.Build.0 = Debug|Any CPU
		{981DD4F9-EFEA-47E1-84A4-969F8032C633}.Release|Any CPU.ActiveCfg = Release|Any CPU
		{981DD4F9-EFEA-47E1-84A4-969F8032C633}.Release|Any CPU.Build.0 = Release|Any CPU
		{977132EE-AC89-4FB1-9F06-C83D38FE18A7}.Debug|Any CPU.ActiveCfg = Debug|Any CPU
		{977132EE-AC89-4FB1-9F06-C83D38FE18A7}.Debug|Any CPU.Build.0 = Debug|Any CPU
		{977132EE-AC89-4FB1-9F06-C83D38FE18A7}.Release|Any CPU.ActiveCfg = Release|Any CPU
		{977132EE-AC89-4FB1-9F06-C83D38FE18A7}.Release|Any CPU.Build.0 = Release|Any CPU
		{8C8B10BA-DCCE-47B4-8FAB-E8677866445E}.Debug|Any CPU.ActiveCfg = Debug|Any CPU
		{8C8B10BA-DCCE-47B4-8FAB-E8677866445E}.Debug|Any CPU.Build.0 = Debug|Any CPU
		{8C8B10BA-DCCE-47B4-8FAB-E8677866445E}.Release|Any CPU.ActiveCfg = Release|Any CPU
		{8C8B10BA-DCCE-47B4-8FAB-E8677866445E}.Release|Any CPU.Build.0 = Release|Any CPU
		{BB09D7C7-98BC-436E-8332-49FC561E76CF}.Debug|Any CPU.ActiveCfg = Debug|Any CPU
		{BB09D7C7-98BC-436E-8332-49FC561E76CF}.Debug|Any CPU.Build.0 = Debug|Any CPU
		{BB09D7C7-98BC-436E-8332-49FC561E76CF}.Release|Any CPU.ActiveCfg = Release|Any CPU
		{BB09D7C7-98BC-436E-8332-49FC561E76CF}.Release|Any CPU.Build.0 = Release|Any CPU
		{4F5B15A2-59CE-4B49-92BD-3FF540A55CCD}.Debug|Any CPU.ActiveCfg = Debug|Any CPU
		{4F5B15A2-59CE-4B49-92BD-3FF540A55CCD}.Debug|Any CPU.Build.0 = Debug|Any CPU
		{4F5B15A2-59CE-4B49-92BD-3FF540A55CCD}.Release|Any CPU.ActiveCfg = Release|Any CPU
		{4F5B15A2-59CE-4B49-92BD-3FF540A55CCD}.Release|Any CPU.Build.0 = Release|Any CPU
		{596AD206-74B4-4B25-B0AD-AFC7254DB52A}.Debug|Any CPU.ActiveCfg = Debug|Any CPU
		{596AD206-74B4-4B25-B0AD-AFC7254DB52A}.Debug|Any CPU.Build.0 = Debug|Any CPU
		{596AD206-74B4-4B25-B0AD-AFC7254DB52A}.Release|Any CPU.ActiveCfg = Release|Any CPU
		{596AD206-74B4-4B25-B0AD-AFC7254DB52A}.Release|Any CPU.Build.0 = Release|Any CPU
		{9409C07D-C77E-4C14-9C6C-C3995E8EC86E}.Debug|Any CPU.ActiveCfg = Debug|Any CPU
		{9409C07D-C77E-4C14-9C6C-C3995E8EC86E}.Debug|Any CPU.Build.0 = Debug|Any CPU
		{9409C07D-C77E-4C14-9C6C-C3995E8EC86E}.Release|Any CPU.ActiveCfg = Release|Any CPU
		{9409C07D-C77E-4C14-9C6C-C3995E8EC86E}.Release|Any CPU.Build.0 = Release|Any CPU
		{7E346B47-B22E-47AB-AB35-B31072179680}.Debug|Any CPU.ActiveCfg = Debug|Any CPU
		{7E346B47-B22E-47AB-AB35-B31072179680}.Debug|Any CPU.Build.0 = Debug|Any CPU
		{7E346B47-B22E-47AB-AB35-B31072179680}.Release|Any CPU.ActiveCfg = Release|Any CPU
		{7E346B47-B22E-47AB-AB35-B31072179680}.Release|Any CPU.Build.0 = Release|Any CPU
		{E799E382-D0B2-47B3-8599-1E9162B3E99B}.Debug|Any CPU.ActiveCfg = Debug|Any CPU
		{E799E382-D0B2-47B3-8599-1E9162B3E99B}.Debug|Any CPU.Build.0 = Debug|Any CPU
		{E799E382-D0B2-47B3-8599-1E9162B3E99B}.Release|Any CPU.ActiveCfg = Release|Any CPU
		{E799E382-D0B2-47B3-8599-1E9162B3E99B}.Release|Any CPU.Build.0 = Release|Any CPU
		{450D2214-E46D-4DF7-88BD-620EDB0F091D}.Debug|Any CPU.ActiveCfg = Debug|Any CPU
		{450D2214-E46D-4DF7-88BD-620EDB0F091D}.Debug|Any CPU.Build.0 = Debug|Any CPU
		{450D2214-E46D-4DF7-88BD-620EDB0F091D}.Release|Any CPU.ActiveCfg = Release|Any CPU
		{450D2214-E46D-4DF7-88BD-620EDB0F091D}.Release|Any CPU.Build.0 = Release|Any CPU
		{AE0C3940-A579-4F9E-92DA-19F9C2E8D7CF}.Debug|Any CPU.ActiveCfg = Debug|Any CPU
		{AE0C3940-A579-4F9E-92DA-19F9C2E8D7CF}.Debug|Any CPU.Build.0 = Debug|Any CPU
		{AE0C3940-A579-4F9E-92DA-19F9C2E8D7CF}.Release|Any CPU.ActiveCfg = Release|Any CPU
		{AE0C3940-A579-4F9E-92DA-19F9C2E8D7CF}.Release|Any CPU.Build.0 = Release|Any CPU
		{AD4AFF14-EEA0-488C-B994-7C88F9435C36}.Debug|Any CPU.ActiveCfg = Debug|Any CPU
		{AD4AFF14-EEA0-488C-B994-7C88F9435C36}.Debug|Any CPU.Build.0 = Debug|Any CPU
		{AD4AFF14-EEA0-488C-B994-7C88F9435C36}.Release|Any CPU.ActiveCfg = Release|Any CPU
		{AD4AFF14-EEA0-488C-B994-7C88F9435C36}.Release|Any CPU.Build.0 = Release|Any CPU
		{AE51F418-4470-4349-A654-C2B9FC399F9E}.Debug|Any CPU.ActiveCfg = Debug|Any CPU
		{AE51F418-4470-4349-A654-C2B9FC399F9E}.Debug|Any CPU.Build.0 = Debug|Any CPU
		{AE51F418-4470-4349-A654-C2B9FC399F9E}.Release|Any CPU.ActiveCfg = Release|Any CPU
		{AE51F418-4470-4349-A654-C2B9FC399F9E}.Release|Any CPU.Build.0 = Release|Any CPU
		{A17002E6-0905-4091-82E9-1AD1F833B97E}.Debug|Any CPU.ActiveCfg = Debug|Any CPU
		{A17002E6-0905-4091-82E9-1AD1F833B97E}.Debug|Any CPU.Build.0 = Debug|Any CPU
		{A17002E6-0905-4091-82E9-1AD1F833B97E}.Release|Any CPU.ActiveCfg = Release|Any CPU
		{A17002E6-0905-4091-82E9-1AD1F833B97E}.Release|Any CPU.Build.0 = Release|Any CPU
		{FC8629C1-FDBF-47CD-BC8A-76175F009EC0}.Debug|Any CPU.ActiveCfg = Debug|Any CPU
		{FC8629C1-FDBF-47CD-BC8A-76175F009EC0}.Debug|Any CPU.Build.0 = Debug|Any CPU
		{FC8629C1-FDBF-47CD-BC8A-76175F009EC0}.Release|Any CPU.ActiveCfg = Release|Any CPU
		{FC8629C1-FDBF-47CD-BC8A-76175F009EC0}.Release|Any CPU.Build.0 = Release|Any CPU
		{62514F1D-0963-4EE7-BA07-CC2A992EB8FC}.Debug|Any CPU.ActiveCfg = Debug|Any CPU
		{62514F1D-0963-4EE7-BA07-CC2A992EB8FC}.Debug|Any CPU.Build.0 = Debug|Any CPU
		{62514F1D-0963-4EE7-BA07-CC2A992EB8FC}.Release|Any CPU.ActiveCfg = Release|Any CPU
		{62514F1D-0963-4EE7-BA07-CC2A992EB8FC}.Release|Any CPU.Build.0 = Release|Any CPU
		{C5013DDB-9EE0-434F-905E-EE4C71B487FF}.Debug|Any CPU.ActiveCfg = Debug|Any CPU
		{C5013DDB-9EE0-434F-905E-EE4C71B487FF}.Debug|Any CPU.Build.0 = Debug|Any CPU
		{C5013DDB-9EE0-434F-905E-EE4C71B487FF}.Release|Any CPU.ActiveCfg = Release|Any CPU
		{C5013DDB-9EE0-434F-905E-EE4C71B487FF}.Release|Any CPU.Build.0 = Release|Any CPU
		{6C582555-2F00-4EDD-83C4-CAC623096C3A}.Debug|Any CPU.ActiveCfg = Debug|Any CPU
		{6C582555-2F00-4EDD-83C4-CAC623096C3A}.Debug|Any CPU.Build.0 = Debug|Any CPU
		{6C582555-2F00-4EDD-83C4-CAC623096C3A}.Release|Any CPU.ActiveCfg = Release|Any CPU
		{6C582555-2F00-4EDD-83C4-CAC623096C3A}.Release|Any CPU.Build.0 = Release|Any CPU
		{193D0736-FC1D-43EF-9A30-FAC051BEA52B}.Debug|Any CPU.ActiveCfg = Debug|Any CPU
		{193D0736-FC1D-43EF-9A30-FAC051BEA52B}.Debug|Any CPU.Build.0 = Debug|Any CPU
		{193D0736-FC1D-43EF-9A30-FAC051BEA52B}.Release|Any CPU.ActiveCfg = Release|Any CPU
		{193D0736-FC1D-43EF-9A30-FAC051BEA52B}.Release|Any CPU.Build.0 = Release|Any CPU
		{3308CA57-DE1F-40C6-BA90-E1FCF00BEF41}.Debug|Any CPU.ActiveCfg = Debug|Any CPU
		{3308CA57-DE1F-40C6-BA90-E1FCF00BEF41}.Debug|Any CPU.Build.0 = Debug|Any CPU
		{3308CA57-DE1F-40C6-BA90-E1FCF00BEF41}.Release|Any CPU.ActiveCfg = Release|Any CPU
		{3308CA57-DE1F-40C6-BA90-E1FCF00BEF41}.Release|Any CPU.Build.0 = Release|Any CPU
		{261BEC75-C94F-4873-8F41-EBCA0D04A592}.Debug|Any CPU.ActiveCfg = Debug|Any CPU
		{261BEC75-C94F-4873-8F41-EBCA0D04A592}.Debug|Any CPU.Build.0 = Debug|Any CPU
		{261BEC75-C94F-4873-8F41-EBCA0D04A592}.Release|Any CPU.ActiveCfg = Release|Any CPU
		{261BEC75-C94F-4873-8F41-EBCA0D04A592}.Release|Any CPU.Build.0 = Release|Any CPU
		{348F1760-AA32-4A29-AFE3-0069CA38166D}.Debug|Any CPU.ActiveCfg = Debug|Any CPU
		{348F1760-AA32-4A29-AFE3-0069CA38166D}.Debug|Any CPU.Build.0 = Debug|Any CPU
		{348F1760-AA32-4A29-AFE3-0069CA38166D}.Release|Any CPU.ActiveCfg = Release|Any CPU
		{348F1760-AA32-4A29-AFE3-0069CA38166D}.Release|Any CPU.Build.0 = Release|Any CPU
		{D74BEE1E-6FF1-4FEE-BAE9-AAB45DF71736}.Debug|Any CPU.ActiveCfg = Debug|Any CPU
		{D74BEE1E-6FF1-4FEE-BAE9-AAB45DF71736}.Debug|Any CPU.Build.0 = Debug|Any CPU
		{D74BEE1E-6FF1-4FEE-BAE9-AAB45DF71736}.Release|Any CPU.ActiveCfg = Release|Any CPU
		{D74BEE1E-6FF1-4FEE-BAE9-AAB45DF71736}.Release|Any CPU.Build.0 = Release|Any CPU
		{B44E1843-8B40-4461-A5E1-6D8786B36576}.Debug|Any CPU.ActiveCfg = Debug|Any CPU
		{B44E1843-8B40-4461-A5E1-6D8786B36576}.Debug|Any CPU.Build.0 = Debug|Any CPU
		{B44E1843-8B40-4461-A5E1-6D8786B36576}.Release|Any CPU.ActiveCfg = Release|Any CPU
		{B44E1843-8B40-4461-A5E1-6D8786B36576}.Release|Any CPU.Build.0 = Release|Any CPU
		{2480F0C7-1828-4D34-8DDA-16C8B78551D9}.Debug|Any CPU.ActiveCfg = Debug|Any CPU
		{2480F0C7-1828-4D34-8DDA-16C8B78551D9}.Debug|Any CPU.Build.0 = Debug|Any CPU
		{2480F0C7-1828-4D34-8DDA-16C8B78551D9}.Release|Any CPU.ActiveCfg = Release|Any CPU
		{2480F0C7-1828-4D34-8DDA-16C8B78551D9}.Release|Any CPU.Build.0 = Release|Any CPU
		{D2FAB000-A9BB-49C4-A878-6A5C942B149D}.Debug|Any CPU.ActiveCfg = Debug|Any CPU
		{D2FAB000-A9BB-49C4-A878-6A5C942B149D}.Debug|Any CPU.Build.0 = Debug|Any CPU
		{D2FAB000-A9BB-49C4-A878-6A5C942B149D}.Release|Any CPU.ActiveCfg = Release|Any CPU
		{D2FAB000-A9BB-49C4-A878-6A5C942B149D}.Release|Any CPU.Build.0 = Release|Any CPU
		{3B1D3786-CBD4-49C0-8E5A-A622543790D2}.Debug|Any CPU.ActiveCfg = Debug|Any CPU
		{3B1D3786-CBD4-49C0-8E5A-A622543790D2}.Debug|Any CPU.Build.0 = Debug|Any CPU
		{3B1D3786-CBD4-49C0-8E5A-A622543790D2}.Release|Any CPU.ActiveCfg = Release|Any CPU
		{3B1D3786-CBD4-49C0-8E5A-A622543790D2}.Release|Any CPU.Build.0 = Release|Any CPU
		{E348126C-50C2-4E3B-A3C5-52491850E9A0}.Debug|Any CPU.ActiveCfg = Debug|Any CPU
		{E348126C-50C2-4E3B-A3C5-52491850E9A0}.Debug|Any CPU.Build.0 = Debug|Any CPU
		{E348126C-50C2-4E3B-A3C5-52491850E9A0}.Release|Any CPU.ActiveCfg = Release|Any CPU
		{E348126C-50C2-4E3B-A3C5-52491850E9A0}.Release|Any CPU.Build.0 = Release|Any CPU
		{88B85C9F-BEFF-4C0B-9D8D-FFCFFA38F794}.Debug|Any CPU.ActiveCfg = Debug|Any CPU
		{88B85C9F-BEFF-4C0B-9D8D-FFCFFA38F794}.Debug|Any CPU.Build.0 = Debug|Any CPU
		{88B85C9F-BEFF-4C0B-9D8D-FFCFFA38F794}.Release|Any CPU.ActiveCfg = Release|Any CPU
		{88B85C9F-BEFF-4C0B-9D8D-FFCFFA38F794}.Release|Any CPU.Build.0 = Release|Any CPU
	EndGlobalSection
	GlobalSection(NestedProjects) = preSolution
		{FCCF0EC2-C528-4EC3-98F1-08DA416F229B} = {82C2A303-9E2A-4EE6-ACC4-D213B65DFA18}
		{05A4D3DA-24AA-4B86-B5A9-60AD106FA6FC} = {82C2A303-9E2A-4EE6-ACC4-D213B65DFA18}
		{DA44B03B-724F-4A39-A485-01DEF432BF94} = {E4825D9F-6FD0-473E-82D6-06859B199175}
		{B72A3965-7165-4CDE-B9E2-C7CA3BFBDE95} = {E4825D9F-6FD0-473E-82D6-06859B199175}
		{981DD4F9-EFEA-47E1-84A4-969F8032C633} = {E4825D9F-6FD0-473E-82D6-06859B199175}
		{977132EE-AC89-4FB1-9F06-C83D38FE18A7} = {E4825D9F-6FD0-473E-82D6-06859B199175}
		{8C8B10BA-DCCE-47B4-8FAB-E8677866445E} = {E4825D9F-6FD0-473E-82D6-06859B199175}
		{BB09D7C7-98BC-436E-8332-49FC561E76CF} = {E4825D9F-6FD0-473E-82D6-06859B199175}
		{4F5B15A2-59CE-4B49-92BD-3FF540A55CCD} = {E4825D9F-6FD0-473E-82D6-06859B199175}
		{765D6743-3E9D-4BE5-BA92-BDB6019C0C22} = {6ED33CC8-7A4D-4B4A-9550-DEDFD207378C}
		{596AD206-74B4-4B25-B0AD-AFC7254DB52A} = {765D6743-3E9D-4BE5-BA92-BDB6019C0C22}
		{9409C07D-C77E-4C14-9C6C-C3995E8EC86E} = {765D6743-3E9D-4BE5-BA92-BDB6019C0C22}
		{7E346B47-B22E-47AB-AB35-B31072179680} = {765D6743-3E9D-4BE5-BA92-BDB6019C0C22}
		{E799E382-D0B2-47B3-8599-1E9162B3E99B} = {765D6743-3E9D-4BE5-BA92-BDB6019C0C22}
		{450D2214-E46D-4DF7-88BD-620EDB0F091D} = {765D6743-3E9D-4BE5-BA92-BDB6019C0C22}
		{AE0C3940-A579-4F9E-92DA-19F9C2E8D7CF} = {F9D1D8FD-5926-4499-9404-14025A5AB733}
		{23645139-2B2E-4CB1-AE85-8A511BE5D91D} = {6ED33CC8-7A4D-4B4A-9550-DEDFD207378C}
		{AD4AFF14-EEA0-488C-B994-7C88F9435C36} = {23645139-2B2E-4CB1-AE85-8A511BE5D91D}
		{AE51F418-4470-4349-A654-C2B9FC399F9E} = {23645139-2B2E-4CB1-AE85-8A511BE5D91D}
		{A17002E6-0905-4091-82E9-1AD1F833B97E} = {23645139-2B2E-4CB1-AE85-8A511BE5D91D}
		{FC8629C1-FDBF-47CD-BC8A-76175F009EC0} = {23645139-2B2E-4CB1-AE85-8A511BE5D91D}
		{90CF5BC3-BE2C-44A4-9BEF-9A875A8BAE45} = {6ED33CC8-7A4D-4B4A-9550-DEDFD207378C}
		{62514F1D-0963-4EE7-BA07-CC2A992EB8FC} = {90CF5BC3-BE2C-44A4-9BEF-9A875A8BAE45}
		{C5013DDB-9EE0-434F-905E-EE4C71B487FF} = {90CF5BC3-BE2C-44A4-9BEF-9A875A8BAE45}
		{082B5349-37EF-470C-B0D7-10B524FBEFE5} = {6ED33CC8-7A4D-4B4A-9550-DEDFD207378C}
		{6C582555-2F00-4EDD-83C4-CAC623096C3A} = {082B5349-37EF-470C-B0D7-10B524FBEFE5}
		{193D0736-FC1D-43EF-9A30-FAC051BEA52B} = {082B5349-37EF-470C-B0D7-10B524FBEFE5}
		{3308CA57-DE1F-40C6-BA90-E1FCF00BEF41} = {082B5349-37EF-470C-B0D7-10B524FBEFE5}
		{5F2B2095-D1F7-47F3-BA76-EB559A2D19D4} = {6ED33CC8-7A4D-4B4A-9550-DEDFD207378C}
		{261BEC75-C94F-4873-8F41-EBCA0D04A592} = {5F2B2095-D1F7-47F3-BA76-EB559A2D19D4}
		{348F1760-AA32-4A29-AFE3-0069CA38166D} = {5F2B2095-D1F7-47F3-BA76-EB559A2D19D4}
		{D74BEE1E-6FF1-4FEE-BAE9-AAB45DF71736} = {5F2B2095-D1F7-47F3-BA76-EB559A2D19D4}
		{1A1D11F0-0A07-49FC-8D66-423762B55D23} = {6ED33CC8-7A4D-4B4A-9550-DEDFD207378C}
		{B44E1843-8B40-4461-A5E1-6D8786B36576} = {1A1D11F0-0A07-49FC-8D66-423762B55D23}
		{2480F0C7-1828-4D34-8DDA-16C8B78551D9} = {1A1D11F0-0A07-49FC-8D66-423762B55D23}
		{C9809F9A-6A0A-4724-A0F1-F54FE6705029} = {6ED33CC8-7A4D-4B4A-9550-DEDFD207378C}
		{D2FAB000-A9BB-49C4-A878-6A5C942B149D} = {C9809F9A-6A0A-4724-A0F1-F54FE6705029}
		{3B1D3786-CBD4-49C0-8E5A-A622543790D2} = {C9809F9A-6A0A-4724-A0F1-F54FE6705029}
		{220BF9B0-F2A1-4CC7-88E3-B482AC8A68A6} = {6ED33CC8-7A4D-4B4A-9550-DEDFD207378C}
		{E348126C-50C2-4E3B-A3C5-52491850E9A0} = {220BF9B0-F2A1-4CC7-88E3-B482AC8A68A6}
		{8DB0B884-961F-4FFF-B42C-8D773707A482} = {6ED33CC8-7A4D-4B4A-9550-DEDFD207378C}
		{88B85C9F-BEFF-4C0B-9D8D-FFCFFA38F794} = {8DB0B884-961F-4FFF-B42C-8D773707A482}
	EndGlobalSection
EndGlobal
